// !$*UTF8*$!
{
	archiveVersion = 1;
	classes = {
	};
	objectVersion = 50;
	objects = {

/* Begin PBXBuildFile section */
		67465318C6CE9B8C6951BD06 /* Pods_BookStoryUITests.framework in Frameworks */ = {isa = PBXBuildFile; fileRef = 3A057D2E3EF5765514C847F9 /* Pods_BookStoryUITests.framework */; };
		B5D1A25690838538D74C9DDB /* Pods_BookStory.framework in Frameworks */ = {isa = PBXBuildFile; fileRef = A590FF806A1E16E2CD75D6A4 /* Pods_BookStory.framework */; };
		E4A9819AE1EC310E1422CA9A /* Pods_BookStoryTests.framework in Frameworks */ = {isa = PBXBuildFile; fileRef = 422B2A85205B1E4E61932131 /* Pods_BookStoryTests.framework */; };
		EE04B8A225B896ED00970F6F /* String+.swift in Sources */ = {isa = PBXBuildFile; fileRef = EE04B8A125B896ED00970F6F /* String+.swift */; };
		EE0D65E125B674B9009EF472 /* DetailViewController.swift in Sources */ = {isa = PBXBuildFile; fileRef = EE0D65E025B674B9009EF472 /* DetailViewController.swift */; };
		EE0D65EE25B67C3E009EF472 /* reward-4.json in Resources */ = {isa = PBXBuildFile; fileRef = EE0D65E525B67C3D009EF472 /* reward-4.json */; };
		EE0D65EF25B67C3E009EF472 /* reward-1.json in Resources */ = {isa = PBXBuildFile; fileRef = EE0D65E625B67C3D009EF472 /* reward-1.json */; };
		EE0D65F025B67C3E009EF472 /* reward-5.json in Resources */ = {isa = PBXBuildFile; fileRef = EE0D65E725B67C3D009EF472 /* reward-5.json */; };
		EE0D65F125B67C3E009EF472 /* reward-9.json in Resources */ = {isa = PBXBuildFile; fileRef = EE0D65E825B67C3D009EF472 /* reward-9.json */; };
		EE0D65F225B67C3E009EF472 /* reward-2.json in Resources */ = {isa = PBXBuildFile; fileRef = EE0D65E925B67C3D009EF472 /* reward-2.json */; };
		EE0D65F325B67C3E009EF472 /* reward-3.json in Resources */ = {isa = PBXBuildFile; fileRef = EE0D65EA25B67C3D009EF472 /* reward-3.json */; };
		EE0D65F425B67C3E009EF472 /* reward-6.json in Resources */ = {isa = PBXBuildFile; fileRef = EE0D65EB25B67C3D009EF472 /* reward-6.json */; };
		EE0D65F525B67C3E009EF472 /* reward-7.json in Resources */ = {isa = PBXBuildFile; fileRef = EE0D65EC25B67C3D009EF472 /* reward-7.json */; };
		EE0D65F625B67C3E009EF472 /* reward-8.json in Resources */ = {isa = PBXBuildFile; fileRef = EE0D65ED25B67C3E009EF472 /* reward-8.json */; };
		EE0D65FB25B681DD009EF472 /* RecentSearchTableCell.swift in Sources */ = {isa = PBXBuildFile; fileRef = EE0D65FA25B681DD009EF472 /* RecentSearchTableCell.swift */; };
		EE3472E925B7E1250048C0CF /* NewsTableCell.swift in Sources */ = {isa = PBXBuildFile; fileRef = EE3472E825B7E1250048C0CF /* NewsTableCell.swift */; };
		EE3472EE25B7E5590048C0CF /* BlogField.swift in Sources */ = {isa = PBXBuildFile; fileRef = EE3472ED25B7E5590048C0CF /* BlogField.swift */; };
		EE3472F625B806A40048C0CF /* MoreInformationButtonView.swift in Sources */ = {isa = PBXBuildFile; fileRef = EE3472F525B806A40048C0CF /* MoreInformationButtonView.swift */; };
		EE3472FE25B8147F0048C0CF /* NewsField.swift in Sources */ = {isa = PBXBuildFile; fileRef = EE3472FD25B8147F0048C0CF /* NewsField.swift */; };
		EE34730E25B8273C0048C0CF /* home-icon3.json in Resources */ = {isa = PBXBuildFile; fileRef = EE34730D25B8273C0048C0CF /* home-icon3.json */; };
		EE34731325B828430048C0CF /* DetailViewController+UI.swift in Sources */ = {isa = PBXBuildFile; fileRef = EE34731225B828430048C0CF /* DetailViewController+UI.swift */; };
		EE34731825B834180048C0CF /* BookCollectionField.swift in Sources */ = {isa = PBXBuildFile; fileRef = EE34731725B834180048C0CF /* BookCollectionField.swift */; };
		EE34732025B85EBE0048C0CF /* splash-icon.json in Resources */ = {isa = PBXBuildFile; fileRef = EE34731F25B85EBE0048C0CF /* splash-icon.json */; };
		EE3D544525B45E470064C274 /* AppDelegate.swift in Sources */ = {isa = PBXBuildFile; fileRef = EE3D544425B45E470064C274 /* AppDelegate.swift */; };
		EE3D544725B45E470064C274 /* SceneDelegate.swift in Sources */ = {isa = PBXBuildFile; fileRef = EE3D544625B45E470064C274 /* SceneDelegate.swift */; };
		EE3D544925B45E470064C274 /* MainViewController.swift in Sources */ = {isa = PBXBuildFile; fileRef = EE3D544825B45E470064C274 /* MainViewController.swift */; };
		EE3D544C25B45E470064C274 /* Main.storyboard in Resources */ = {isa = PBXBuildFile; fileRef = EE3D544A25B45E470064C274 /* Main.storyboard */; };
		EE3D544E25B45E490064C274 /* Assets.xcassets in Resources */ = {isa = PBXBuildFile; fileRef = EE3D544D25B45E490064C274 /* Assets.xcassets */; };
		EE3D545125B45E490064C274 /* LaunchScreen.storyboard in Resources */ = {isa = PBXBuildFile; fileRef = EE3D544F25B45E490064C274 /* LaunchScreen.storyboard */; };
		EE3D545C25B45E490064C274 /* BookStoryTests.swift in Sources */ = {isa = PBXBuildFile; fileRef = EE3D545B25B45E490064C274 /* BookStoryTests.swift */; };
		EE3D546725B45E490064C274 /* BookStoryUITests.swift in Sources */ = {isa = PBXBuildFile; fileRef = EE3D546625B45E490064C274 /* BookStoryUITests.swift */; };
		EE3D548A25B460310064C274 /* BaseViewController.swift in Sources */ = {isa = PBXBuildFile; fileRef = EE3D548925B460310064C274 /* BaseViewController.swift */; };
		EE3D54D025B496220064C274 /* BookSearchResponse.swift in Sources */ = {isa = PBXBuildFile; fileRef = EE3D54CF25B496220064C274 /* BookSearchResponse.swift */; };
		EE3D54D825B498A60064C274 /* BlogSearchResponse.swift in Sources */ = {isa = PBXBuildFile; fileRef = EE3D54D725B498A60064C274 /* BlogSearchResponse.swift */; };
		EE3D54DD25B499B20064C274 /* ShoppingSearchResponse.swift in Sources */ = {isa = PBXBuildFile; fileRef = EE3D54DC25B499B20064C274 /* ShoppingSearchResponse.swift */; };
		EE3D54E225B49B080064C274 /* NewsSearchResponse.swift in Sources */ = {isa = PBXBuildFile; fileRef = EE3D54E125B49B080064C274 /* NewsSearchResponse.swift */; };
		EE3D54E725B49D940064C274 /* KeywordResponse.swift in Sources */ = {isa = PBXBuildFile; fileRef = EE3D54E625B49D940064C274 /* KeywordResponse.swift */; };
		EE3D54EC25B4A0720064C274 /* KeywordRequestBody.swift in Sources */ = {isa = PBXBuildFile; fileRef = EE3D54EB25B4A0720064C274 /* KeywordRequestBody.swift */; };
		EE3D54F125B4A0A20064C274 /* SecretKeySet.swift in Sources */ = {isa = PBXBuildFile; fileRef = EE3D54F025B4A0A20064C274 /* SecretKeySet.swift */; };
		EE5E942225B5E03D00B135DA /* RewardView.swift in Sources */ = {isa = PBXBuildFile; fileRef = EE5E942125B5E03D00B135DA /* RewardView.swift */; };
		EE67DE8725B945D500ED0F98 /* BlogListViewController.swift in Sources */ = {isa = PBXBuildFile; fileRef = EE67DE8625B945D500ED0F98 /* BlogListViewController.swift */; };
		EE67DE8F25B9D6A500ED0F98 /* BlogListViewModel.swift in Sources */ = {isa = PBXBuildFile; fileRef = EE67DE8E25B9D6A500ED0F98 /* BlogListViewModel.swift */; };
		EE729BC825B6D2E000EF7AE3 /* DetailViewModel.swift in Sources */ = {isa = PBXBuildFile; fileRef = EE729BC725B6D2E000EF7AE3 /* DetailViewModel.swift */; };
		EE729BCD25B6D5EE00EF7AE3 /* SimpleBookItem.swift in Sources */ = {isa = PBXBuildFile; fileRef = EE729BCC25B6D5EE00EF7AE3 /* SimpleBookItem.swift */; };
		EE729BD525B6D60A00EF7AE3 /* BlogItem.swift in Sources */ = {isa = PBXBuildFile; fileRef = EE729BD425B6D60A00EF7AE3 /* BlogItem.swift */; };
		EE729BDA25B6D67F00EF7AE3 /* NewsItem.swift in Sources */ = {isa = PBXBuildFile; fileRef = EE729BD925B6D67F00EF7AE3 /* NewsItem.swift */; };
		EE729BF025B731CF00EF7AE3 /* HomeIcon.swift in Sources */ = {isa = PBXBuildFile; fileRef = EE729BEF25B731CF00EF7AE3 /* HomeIcon.swift */; };
		EE729BFB25B7374400EF7AE3 /* home-icon.json in Resources */ = {isa = PBXBuildFile; fileRef = EE729BFA25B7374400EF7AE3 /* home-icon.json */; };
		EE729C0025B73D6D00EF7AE3 /* home-icon2.json in Resources */ = {isa = PBXBuildFile; fileRef = EE729BFF25B73D6D00EF7AE3 /* home-icon2.json */; };
		EE729C0525B73F3800EF7AE3 /* BookCollectionCell.swift in Sources */ = {isa = PBXBuildFile; fileRef = EE729C0425B73F3800EF7AE3 /* BookCollectionCell.swift */; };
		EE729C0F25B74D0800EF7AE3 /* BlogTableCell.swift in Sources */ = {isa = PBXBuildFile; fileRef = EE729C0E25B74D0800EF7AE3 /* BlogTableCell.swift */; };
		EED0D4A225B5E7380057CE90 /* reward-0.json in Resources */ = {isa = PBXBuildFile; fileRef = EED0D4A125B5E7380057CE90 /* reward-0.json */; };
		EED0D4AA25B5F4440057CE90 /* MainViewController+UI.swift in Sources */ = {isa = PBXBuildFile; fileRef = EED0D4A925B5F4440057CE90 /* MainViewController+UI.swift */; };
		EEF3D94B25B54BBC0095D94E /* URLConfig.swift in Sources */ = {isa = PBXBuildFile; fileRef = EEF3D94A25B54BBC0095D94E /* URLConfig.swift */; };
		EEF3D95425B54D2E0095D94E /* RequestKeywords.swift in Sources */ = {isa = PBXBuildFile; fileRef = EEF3D95325B54D2E0095D94E /* RequestKeywords.swift */; };
		EEF3D95C25B54F1E0095D94E /* RequestBookSearch.swift in Sources */ = {isa = PBXBuildFile; fileRef = EEF3D95B25B54F1E0095D94E /* RequestBookSearch.swift */; };
		EEF3D96125B552F90095D94E /* RequestBlogs.swift in Sources */ = {isa = PBXBuildFile; fileRef = EEF3D96025B552F90095D94E /* RequestBlogs.swift */; };
		EEF3D96625B5539C0095D94E /* RequestShoppings.swift in Sources */ = {isa = PBXBuildFile; fileRef = EEF3D96525B5539C0095D94E /* RequestShoppings.swift */; };
		EEF3D96B25B5541F0095D94E /* RequestNews.swift in Sources */ = {isa = PBXBuildFile; fileRef = EEF3D96A25B5541F0095D94E /* RequestNews.swift */; };
		EEF3D97425B55DC60095D94E /* MainViewModel.swift in Sources */ = {isa = PBXBuildFile; fileRef = EEF3D97325B55DC60095D94E /* MainViewModel.swift */; };
		EEF3D98125B59E230095D94E /* RewardConfig.swift in Sources */ = {isa = PBXBuildFile; fileRef = EEF3D98025B59E230095D94E /* RewardConfig.swift */; };
		EEF3D98A25B5A1300095D94E /* Reward.swift in Sources */ = {isa = PBXBuildFile; fileRef = EEF3D98925B5A1300095D94E /* Reward.swift */; };
		EEF3D9AF25B5C88B0095D94E /* UIView+.swift in Sources */ = {isa = PBXBuildFile; fileRef = EEF3D9AE25B5C88B0095D94E /* UIView+.swift */; };
		EEF3D9BF25B5CF0F0095D94E /* SearchField.swift in Sources */ = {isa = PBXBuildFile; fileRef = EEF3D9BE25B5CF0F0095D94E /* SearchField.swift */; };
		EEF7A44525B5D5AC00FBBDCF /* main-book.json in Resources */ = {isa = PBXBuildFile; fileRef = EEF7A44425B5D5AC00FBBDCF /* main-book.json */; };
/* End PBXBuildFile section */

/* Begin PBXContainerItemProxy section */
		EE3D545825B45E490064C274 /* PBXContainerItemProxy */ = {
			isa = PBXContainerItemProxy;
			containerPortal = EE3D543925B45E470064C274 /* Project object */;
			proxyType = 1;
			remoteGlobalIDString = EE3D544025B45E470064C274;
			remoteInfo = BookStory;
		};
		EE3D546325B45E490064C274 /* PBXContainerItemProxy */ = {
			isa = PBXContainerItemProxy;
			containerPortal = EE3D543925B45E470064C274 /* Project object */;
			proxyType = 1;
			remoteGlobalIDString = EE3D544025B45E470064C274;
			remoteInfo = BookStory;
		};
/* End PBXContainerItemProxy section */

/* Begin PBXFileReference section */
		082847464D32583DD86E4C41 /* Pods-BookStoryUITests.debug.xcconfig */ = {isa = PBXFileReference; includeInIndex = 1; lastKnownFileType = text.xcconfig; name = "Pods-BookStoryUITests.debug.xcconfig"; path = "Pods/Target Support Files/Pods-BookStoryUITests/Pods-BookStoryUITests.debug.xcconfig"; sourceTree = "<group>"; };
		180CCD1B0FB53C6B06CB99E0 /* Pods-BookStoryTests.release.xcconfig */ = {isa = PBXFileReference; includeInIndex = 1; lastKnownFileType = text.xcconfig; name = "Pods-BookStoryTests.release.xcconfig"; path = "Pods/Target Support Files/Pods-BookStoryTests/Pods-BookStoryTests.release.xcconfig"; sourceTree = "<group>"; };
		3A057D2E3EF5765514C847F9 /* Pods_BookStoryUITests.framework */ = {isa = PBXFileReference; explicitFileType = wrapper.framework; includeInIndex = 0; path = Pods_BookStoryUITests.framework; sourceTree = BUILT_PRODUCTS_DIR; };
		422B2A85205B1E4E61932131 /* Pods_BookStoryTests.framework */ = {isa = PBXFileReference; explicitFileType = wrapper.framework; includeInIndex = 0; path = Pods_BookStoryTests.framework; sourceTree = BUILT_PRODUCTS_DIR; };
		62D60FFB18C541C203E5FFBA /* Pods-BookStory.debug.xcconfig */ = {isa = PBXFileReference; includeInIndex = 1; lastKnownFileType = text.xcconfig; name = "Pods-BookStory.debug.xcconfig"; path = "Pods/Target Support Files/Pods-BookStory/Pods-BookStory.debug.xcconfig"; sourceTree = "<group>"; };
		A590FF806A1E16E2CD75D6A4 /* Pods_BookStory.framework */ = {isa = PBXFileReference; explicitFileType = wrapper.framework; includeInIndex = 0; path = Pods_BookStory.framework; sourceTree = BUILT_PRODUCTS_DIR; };
		D0ED7849731772BF64F9D92E /* Pods-BookStory.release.xcconfig */ = {isa = PBXFileReference; includeInIndex = 1; lastKnownFileType = text.xcconfig; name = "Pods-BookStory.release.xcconfig"; path = "Pods/Target Support Files/Pods-BookStory/Pods-BookStory.release.xcconfig"; sourceTree = "<group>"; };
		DCD59DD39D3EAEBE94AE720D /* Pods-BookStoryUITests.release.xcconfig */ = {isa = PBXFileReference; includeInIndex = 1; lastKnownFileType = text.xcconfig; name = "Pods-BookStoryUITests.release.xcconfig"; path = "Pods/Target Support Files/Pods-BookStoryUITests/Pods-BookStoryUITests.release.xcconfig"; sourceTree = "<group>"; };
		DCE8304494C1856FE221A1C9 /* Pods-BookStoryTests.debug.xcconfig */ = {isa = PBXFileReference; includeInIndex = 1; lastKnownFileType = text.xcconfig; name = "Pods-BookStoryTests.debug.xcconfig"; path = "Pods/Target Support Files/Pods-BookStoryTests/Pods-BookStoryTests.debug.xcconfig"; sourceTree = "<group>"; };
		EE04B8A125B896ED00970F6F /* String+.swift */ = {isa = PBXFileReference; lastKnownFileType = sourcecode.swift; path = "String+.swift"; sourceTree = "<group>"; };
		EE0D65E025B674B9009EF472 /* DetailViewController.swift */ = {isa = PBXFileReference; lastKnownFileType = sourcecode.swift; path = DetailViewController.swift; sourceTree = "<group>"; };
		EE0D65E525B67C3D009EF472 /* reward-4.json */ = {isa = PBXFileReference; fileEncoding = 4; lastKnownFileType = text.json; path = "reward-4.json"; sourceTree = "<group>"; };
		EE0D65E625B67C3D009EF472 /* reward-1.json */ = {isa = PBXFileReference; fileEncoding = 4; lastKnownFileType = text.json; path = "reward-1.json"; sourceTree = "<group>"; };
		EE0D65E725B67C3D009EF472 /* reward-5.json */ = {isa = PBXFileReference; fileEncoding = 4; lastKnownFileType = text.json; path = "reward-5.json"; sourceTree = "<group>"; };
		EE0D65E825B67C3D009EF472 /* reward-9.json */ = {isa = PBXFileReference; fileEncoding = 4; lastKnownFileType = text.json; path = "reward-9.json"; sourceTree = "<group>"; };
		EE0D65E925B67C3D009EF472 /* reward-2.json */ = {isa = PBXFileReference; fileEncoding = 4; lastKnownFileType = text.json; path = "reward-2.json"; sourceTree = "<group>"; };
		EE0D65EA25B67C3D009EF472 /* reward-3.json */ = {isa = PBXFileReference; fileEncoding = 4; lastKnownFileType = text.json; path = "reward-3.json"; sourceTree = "<group>"; };
		EE0D65EB25B67C3D009EF472 /* reward-6.json */ = {isa = PBXFileReference; fileEncoding = 4; lastKnownFileType = text.json; path = "reward-6.json"; sourceTree = "<group>"; };
		EE0D65EC25B67C3D009EF472 /* reward-7.json */ = {isa = PBXFileReference; fileEncoding = 4; lastKnownFileType = text.json; path = "reward-7.json"; sourceTree = "<group>"; };
		EE0D65ED25B67C3E009EF472 /* reward-8.json */ = {isa = PBXFileReference; fileEncoding = 4; lastKnownFileType = text.json; path = "reward-8.json"; sourceTree = "<group>"; };
		EE0D65FA25B681DD009EF472 /* RecentSearchTableCell.swift */ = {isa = PBXFileReference; lastKnownFileType = sourcecode.swift; path = RecentSearchTableCell.swift; sourceTree = "<group>"; };
		EE3472E825B7E1250048C0CF /* NewsTableCell.swift */ = {isa = PBXFileReference; lastKnownFileType = sourcecode.swift; path = NewsTableCell.swift; sourceTree = "<group>"; };
		EE3472ED25B7E5590048C0CF /* BlogField.swift */ = {isa = PBXFileReference; lastKnownFileType = sourcecode.swift; path = BlogField.swift; sourceTree = "<group>"; };
		EE3472F525B806A40048C0CF /* MoreInformationButtonView.swift */ = {isa = PBXFileReference; lastKnownFileType = sourcecode.swift; path = MoreInformationButtonView.swift; sourceTree = "<group>"; };
		EE3472FD25B8147F0048C0CF /* NewsField.swift */ = {isa = PBXFileReference; lastKnownFileType = sourcecode.swift; path = NewsField.swift; sourceTree = "<group>"; };
		EE34730D25B8273C0048C0CF /* home-icon3.json */ = {isa = PBXFileReference; fileEncoding = 4; lastKnownFileType = text.json; path = "home-icon3.json"; sourceTree = "<group>"; };
		EE34731225B828430048C0CF /* DetailViewController+UI.swift */ = {isa = PBXFileReference; lastKnownFileType = sourcecode.swift; path = "DetailViewController+UI.swift"; sourceTree = "<group>"; };
		EE34731725B834180048C0CF /* BookCollectionField.swift */ = {isa = PBXFileReference; lastKnownFileType = sourcecode.swift; path = BookCollectionField.swift; sourceTree = "<group>"; };
		EE34731F25B85EBE0048C0CF /* splash-icon.json */ = {isa = PBXFileReference; fileEncoding = 4; lastKnownFileType = text.json; path = "splash-icon.json"; sourceTree = "<group>"; };
		EE3D544125B45E470064C274 /* BookStory.app */ = {isa = PBXFileReference; explicitFileType = wrapper.application; includeInIndex = 0; path = BookStory.app; sourceTree = BUILT_PRODUCTS_DIR; };
		EE3D544425B45E470064C274 /* AppDelegate.swift */ = {isa = PBXFileReference; lastKnownFileType = sourcecode.swift; path = AppDelegate.swift; sourceTree = "<group>"; };
		EE3D544625B45E470064C274 /* SceneDelegate.swift */ = {isa = PBXFileReference; lastKnownFileType = sourcecode.swift; path = SceneDelegate.swift; sourceTree = "<group>"; };
		EE3D544825B45E470064C274 /* MainViewController.swift */ = {isa = PBXFileReference; lastKnownFileType = sourcecode.swift; path = MainViewController.swift; sourceTree = "<group>"; };
		EE3D544B25B45E470064C274 /* Base */ = {isa = PBXFileReference; lastKnownFileType = file.storyboard; name = Base; path = Base.lproj/Main.storyboard; sourceTree = "<group>"; };
		EE3D544D25B45E490064C274 /* Assets.xcassets */ = {isa = PBXFileReference; lastKnownFileType = folder.assetcatalog; path = Assets.xcassets; sourceTree = "<group>"; };
		EE3D545025B45E490064C274 /* Base */ = {isa = PBXFileReference; lastKnownFileType = file.storyboard; name = Base; path = Base.lproj/LaunchScreen.storyboard; sourceTree = "<group>"; };
		EE3D545225B45E490064C274 /* Info.plist */ = {isa = PBXFileReference; lastKnownFileType = text.plist.xml; path = Info.plist; sourceTree = "<group>"; };
		EE3D545725B45E490064C274 /* BookStoryTests.xctest */ = {isa = PBXFileReference; explicitFileType = wrapper.cfbundle; includeInIndex = 0; path = BookStoryTests.xctest; sourceTree = BUILT_PRODUCTS_DIR; };
		EE3D545B25B45E490064C274 /* BookStoryTests.swift */ = {isa = PBXFileReference; lastKnownFileType = sourcecode.swift; path = BookStoryTests.swift; sourceTree = "<group>"; };
		EE3D545D25B45E490064C274 /* Info.plist */ = {isa = PBXFileReference; lastKnownFileType = text.plist.xml; path = Info.plist; sourceTree = "<group>"; };
		EE3D546225B45E490064C274 /* BookStoryUITests.xctest */ = {isa = PBXFileReference; explicitFileType = wrapper.cfbundle; includeInIndex = 0; path = BookStoryUITests.xctest; sourceTree = BUILT_PRODUCTS_DIR; };
		EE3D546625B45E490064C274 /* BookStoryUITests.swift */ = {isa = PBXFileReference; lastKnownFileType = sourcecode.swift; path = BookStoryUITests.swift; sourceTree = "<group>"; };
		EE3D546825B45E490064C274 /* Info.plist */ = {isa = PBXFileReference; lastKnownFileType = text.plist.xml; path = Info.plist; sourceTree = "<group>"; };
		EE3D548925B460310064C274 /* BaseViewController.swift */ = {isa = PBXFileReference; lastKnownFileType = sourcecode.swift; path = BaseViewController.swift; sourceTree = "<group>"; };
		EE3D54CF25B496220064C274 /* BookSearchResponse.swift */ = {isa = PBXFileReference; lastKnownFileType = sourcecode.swift; path = BookSearchResponse.swift; sourceTree = "<group>"; };
		EE3D54D725B498A60064C274 /* BlogSearchResponse.swift */ = {isa = PBXFileReference; lastKnownFileType = sourcecode.swift; path = BlogSearchResponse.swift; sourceTree = "<group>"; };
		EE3D54DC25B499B20064C274 /* ShoppingSearchResponse.swift */ = {isa = PBXFileReference; lastKnownFileType = sourcecode.swift; path = ShoppingSearchResponse.swift; sourceTree = "<group>"; };
		EE3D54E125B49B080064C274 /* NewsSearchResponse.swift */ = {isa = PBXFileReference; lastKnownFileType = sourcecode.swift; path = NewsSearchResponse.swift; sourceTree = "<group>"; };
		EE3D54E625B49D940064C274 /* KeywordResponse.swift */ = {isa = PBXFileReference; lastKnownFileType = sourcecode.swift; path = KeywordResponse.swift; sourceTree = "<group>"; };
		EE3D54EB25B4A0720064C274 /* KeywordRequestBody.swift */ = {isa = PBXFileReference; lastKnownFileType = sourcecode.swift; path = KeywordRequestBody.swift; sourceTree = "<group>"; };
		EE3D54F025B4A0A20064C274 /* SecretKeySet.swift */ = {isa = PBXFileReference; lastKnownFileType = sourcecode.swift; path = SecretKeySet.swift; sourceTree = "<group>"; };
		EE5E942125B5E03D00B135DA /* RewardView.swift */ = {isa = PBXFileReference; lastKnownFileType = sourcecode.swift; path = RewardView.swift; sourceTree = "<group>"; };
		EE67DE8625B945D500ED0F98 /* BlogListViewController.swift */ = {isa = PBXFileReference; lastKnownFileType = sourcecode.swift; path = BlogListViewController.swift; sourceTree = "<group>"; };
		EE67DE8E25B9D6A500ED0F98 /* BlogListViewModel.swift */ = {isa = PBXFileReference; lastKnownFileType = sourcecode.swift; path = BlogListViewModel.swift; sourceTree = "<group>"; };
		EE729BC725B6D2E000EF7AE3 /* DetailViewModel.swift */ = {isa = PBXFileReference; lastKnownFileType = sourcecode.swift; path = DetailViewModel.swift; sourceTree = "<group>"; };
		EE729BCC25B6D5EE00EF7AE3 /* SimpleBookItem.swift */ = {isa = PBXFileReference; lastKnownFileType = sourcecode.swift; path = SimpleBookItem.swift; sourceTree = "<group>"; };
		EE729BD425B6D60A00EF7AE3 /* BlogItem.swift */ = {isa = PBXFileReference; lastKnownFileType = sourcecode.swift; path = BlogItem.swift; sourceTree = "<group>"; };
		EE729BD925B6D67F00EF7AE3 /* NewsItem.swift */ = {isa = PBXFileReference; lastKnownFileType = sourcecode.swift; path = NewsItem.swift; sourceTree = "<group>"; };
		EE729BEF25B731CF00EF7AE3 /* HomeIcon.swift */ = {isa = PBXFileReference; lastKnownFileType = sourcecode.swift; path = HomeIcon.swift; sourceTree = "<group>"; };
		EE729BFA25B7374400EF7AE3 /* home-icon.json */ = {isa = PBXFileReference; fileEncoding = 4; lastKnownFileType = text.json; path = "home-icon.json"; sourceTree = "<group>"; };
		EE729BFF25B73D6D00EF7AE3 /* home-icon2.json */ = {isa = PBXFileReference; fileEncoding = 4; lastKnownFileType = text.json; path = "home-icon2.json"; sourceTree = "<group>"; };
		EE729C0425B73F3800EF7AE3 /* BookCollectionCell.swift */ = {isa = PBXFileReference; lastKnownFileType = sourcecode.swift; path = BookCollectionCell.swift; sourceTree = "<group>"; };
		EE729C0E25B74D0800EF7AE3 /* BlogTableCell.swift */ = {isa = PBXFileReference; lastKnownFileType = sourcecode.swift; path = BlogTableCell.swift; sourceTree = "<group>"; };
		EED0D4A125B5E7380057CE90 /* reward-0.json */ = {isa = PBXFileReference; fileEncoding = 4; lastKnownFileType = text.json; path = "reward-0.json"; sourceTree = "<group>"; };
		EED0D4A925B5F4440057CE90 /* MainViewController+UI.swift */ = {isa = PBXFileReference; lastKnownFileType = sourcecode.swift; path = "MainViewController+UI.swift"; sourceTree = "<group>"; };
		EEF3D94A25B54BBC0095D94E /* URLConfig.swift */ = {isa = PBXFileReference; lastKnownFileType = sourcecode.swift; path = URLConfig.swift; sourceTree = "<group>"; };
		EEF3D95325B54D2E0095D94E /* RequestKeywords.swift */ = {isa = PBXFileReference; lastKnownFileType = sourcecode.swift; path = RequestKeywords.swift; sourceTree = "<group>"; };
		EEF3D95B25B54F1E0095D94E /* RequestBookSearch.swift */ = {isa = PBXFileReference; lastKnownFileType = sourcecode.swift; path = RequestBookSearch.swift; sourceTree = "<group>"; };
		EEF3D96025B552F90095D94E /* RequestBlogs.swift */ = {isa = PBXFileReference; lastKnownFileType = sourcecode.swift; path = RequestBlogs.swift; sourceTree = "<group>"; };
		EEF3D96525B5539C0095D94E /* RequestShoppings.swift */ = {isa = PBXFileReference; lastKnownFileType = sourcecode.swift; path = RequestShoppings.swift; sourceTree = "<group>"; };
		EEF3D96A25B5541F0095D94E /* RequestNews.swift */ = {isa = PBXFileReference; lastKnownFileType = sourcecode.swift; path = RequestNews.swift; sourceTree = "<group>"; };
		EEF3D97325B55DC60095D94E /* MainViewModel.swift */ = {isa = PBXFileReference; lastKnownFileType = sourcecode.swift; path = MainViewModel.swift; sourceTree = "<group>"; };
		EEF3D98025B59E230095D94E /* RewardConfig.swift */ = {isa = PBXFileReference; lastKnownFileType = sourcecode.swift; path = RewardConfig.swift; sourceTree = "<group>"; };
		EEF3D98925B5A1300095D94E /* Reward.swift */ = {isa = PBXFileReference; lastKnownFileType = sourcecode.swift; path = Reward.swift; sourceTree = "<group>"; };
		EEF3D9AE25B5C88B0095D94E /* UIView+.swift */ = {isa = PBXFileReference; lastKnownFileType = sourcecode.swift; path = "UIView+.swift"; sourceTree = "<group>"; };
		EEF3D9BE25B5CF0F0095D94E /* SearchField.swift */ = {isa = PBXFileReference; lastKnownFileType = sourcecode.swift; path = SearchField.swift; sourceTree = "<group>"; };
		EEF7A44425B5D5AC00FBBDCF /* main-book.json */ = {isa = PBXFileReference; fileEncoding = 4; lastKnownFileType = text.json; path = "main-book.json"; sourceTree = "<group>"; };
/* End PBXFileReference section */

/* Begin PBXFrameworksBuildPhase section */
		EE3D543E25B45E470064C274 /* Frameworks */ = {
			isa = PBXFrameworksBuildPhase;
			buildActionMask = 2147483647;
			files = (
				B5D1A25690838538D74C9DDB /* Pods_BookStory.framework in Frameworks */,
			);
			runOnlyForDeploymentPostprocessing = 0;
		};
		EE3D545425B45E490064C274 /* Frameworks */ = {
			isa = PBXFrameworksBuildPhase;
			buildActionMask = 2147483647;
			files = (
				E4A9819AE1EC310E1422CA9A /* Pods_BookStoryTests.framework in Frameworks */,
			);
			runOnlyForDeploymentPostprocessing = 0;
		};
		EE3D545F25B45E490064C274 /* Frameworks */ = {
			isa = PBXFrameworksBuildPhase;
			buildActionMask = 2147483647;
			files = (
				67465318C6CE9B8C6951BD06 /* Pods_BookStoryUITests.framework in Frameworks */,
			);
			runOnlyForDeploymentPostprocessing = 0;
		};
/* End PBXFrameworksBuildPhase section */

/* Begin PBXGroup section */
		3715CF7BB503703BD59055B8 /* Frameworks */ = {
			isa = PBXGroup;
			children = (
				A590FF806A1E16E2CD75D6A4 /* Pods_BookStory.framework */,
				422B2A85205B1E4E61932131 /* Pods_BookStoryTests.framework */,
				3A057D2E3EF5765514C847F9 /* Pods_BookStoryUITests.framework */,
			);
			name = Frameworks;
			sourceTree = "<group>";
		};
		4A31B009C3F0469B88D35290 /* Pods */ = {
			isa = PBXGroup;
			children = (
				62D60FFB18C541C203E5FFBA /* Pods-BookStory.debug.xcconfig */,
				D0ED7849731772BF64F9D92E /* Pods-BookStory.release.xcconfig */,
				DCE8304494C1856FE221A1C9 /* Pods-BookStoryTests.debug.xcconfig */,
				180CCD1B0FB53C6B06CB99E0 /* Pods-BookStoryTests.release.xcconfig */,
				082847464D32583DD86E4C41 /* Pods-BookStoryUITests.debug.xcconfig */,
				DCD59DD39D3EAEBE94AE720D /* Pods-BookStoryUITests.release.xcconfig */,
			);
			name = Pods;
			sourceTree = "<group>";
		};
		EE0D65DF25B6749E009EF472 /* Detail */ = {
			isa = PBXGroup;
			children = (
				EE729BC725B6D2E000EF7AE3 /* DetailViewModel.swift */,
				EE0D65E025B674B9009EF472 /* DetailViewController.swift */,
				EE34731225B828430048C0CF /* DetailViewController+UI.swift */,
			);
			path = Detail;
			sourceTree = "<group>";
		};
		EE3D543825B45E470064C274 = {
			isa = PBXGroup;
			children = (
				EE3D544325B45E470064C274 /* BookStory */,
				EE3D545A25B45E490064C274 /* BookStoryTests */,
				EE3D546525B45E490064C274 /* BookStoryUITests */,
				EE3D544225B45E470064C274 /* Products */,
				4A31B009C3F0469B88D35290 /* Pods */,
				3715CF7BB503703BD59055B8 /* Frameworks */,
			);
			sourceTree = "<group>";
		};
		EE3D544225B45E470064C274 /* Products */ = {
			isa = PBXGroup;
			children = (
				EE3D544125B45E470064C274 /* BookStory.app */,
				EE3D545725B45E490064C274 /* BookStoryTests.xctest */,
				EE3D546225B45E490064C274 /* BookStoryUITests.xctest */,
			);
			name = Products;
			sourceTree = "<group>";
		};
		EE3D544325B45E470064C274 /* BookStory */ = {
			isa = PBXGroup;
			children = (
				EEF7A44325B5D58600FBBDCF /* LottieJson */,
				EE3D54CD25B496010064C274 /* Data */,
				EEF3D98E25B5A1EC0095D94E /* Model */,
				EEF3D9A325B5A6460095D94E /* View */,
				EE3D548525B460180064C274 /* Base */,
				EEF3D97225B55D970095D94E /* Main */,
				EE0D65DF25B6749E009EF472 /* Detail */,
				EE67DE8525B945AD00ED0F98 /* BlogList */,
				EE3D544425B45E470064C274 /* AppDelegate.swift */,
				EE3D544625B45E470064C274 /* SceneDelegate.swift */,
				EE3D544A25B45E470064C274 /* Main.storyboard */,
				EE3D544D25B45E490064C274 /* Assets.xcassets */,
				EE3D544F25B45E490064C274 /* LaunchScreen.storyboard */,
				EE3D545225B45E490064C274 /* Info.plist */,
			);
			path = BookStory;
			sourceTree = "<group>";
		};
		EE3D545A25B45E490064C274 /* BookStoryTests */ = {
			isa = PBXGroup;
			children = (
				EE3D545B25B45E490064C274 /* BookStoryTests.swift */,
				EE3D545D25B45E490064C274 /* Info.plist */,
			);
			path = BookStoryTests;
			sourceTree = "<group>";
		};
		EE3D546525B45E490064C274 /* BookStoryUITests */ = {
			isa = PBXGroup;
			children = (
				EE3D546625B45E490064C274 /* BookStoryUITests.swift */,
				EE3D546825B45E490064C274 /* Info.plist */,
			);
			path = BookStoryUITests;
			sourceTree = "<group>";
		};
		EE3D548525B460180064C274 /* Base */ = {
			isa = PBXGroup;
			children = (
				EE3D548925B460310064C274 /* BaseViewController.swift */,
			);
			path = Base;
			sourceTree = "<group>";
		};
		EE3D54CD25B496010064C274 /* Data */ = {
			isa = PBXGroup;
			children = (
				EE3D54F025B4A0A20064C274 /* SecretKeySet.swift */,
				EEF3D94A25B54BBC0095D94E /* URLConfig.swift */,
				EEF3D98025B59E230095D94E /* RewardConfig.swift */,
				EEF3D95225B54D1A0095D94E /* Requests */,
				EE3D54CE25B4960C0064C274 /* APIModel */,
			);
			path = Data;
			sourceTree = "<group>";
		};
		EE3D54CE25B4960C0064C274 /* APIModel */ = {
			isa = PBXGroup;
			children = (
				EE3D54CF25B496220064C274 /* BookSearchResponse.swift */,
				EE3D54D725B498A60064C274 /* BlogSearchResponse.swift */,
				EE3D54DC25B499B20064C274 /* ShoppingSearchResponse.swift */,
				EE3D54E125B49B080064C274 /* NewsSearchResponse.swift */,
				EE3D54E625B49D940064C274 /* KeywordResponse.swift */,
				EE3D54EB25B4A0720064C274 /* KeywordRequestBody.swift */,
			);
			path = APIModel;
			sourceTree = "<group>";
		};
		EE67DE8525B945AD00ED0F98 /* BlogList */ = {
			isa = PBXGroup;
			children = (
				EE67DE8625B945D500ED0F98 /* BlogListViewController.swift */,
				EE67DE8E25B9D6A500ED0F98 /* BlogListViewModel.swift */,
			);
			path = BlogList;
			sourceTree = "<group>";
		};
		EEF3D95225B54D1A0095D94E /* Requests */ = {
			isa = PBXGroup;
			children = (
				EEF3D95325B54D2E0095D94E /* RequestKeywords.swift */,
				EEF3D95B25B54F1E0095D94E /* RequestBookSearch.swift */,
				EEF3D96025B552F90095D94E /* RequestBlogs.swift */,
				EEF3D96A25B5541F0095D94E /* RequestNews.swift */,
				EEF3D96525B5539C0095D94E /* RequestShoppings.swift */,
			);
			path = Requests;
			sourceTree = "<group>";
		};
		EEF3D97225B55D970095D94E /* Main */ = {
			isa = PBXGroup;
			children = (
				EEF3D97325B55DC60095D94E /* MainViewModel.swift */,
				EE3D544825B45E470064C274 /* MainViewController.swift */,
				EED0D4A925B5F4440057CE90 /* MainViewController+UI.swift */,
			);
			path = Main;
			sourceTree = "<group>";
		};
		EEF3D98E25B5A1EC0095D94E /* Model */ = {
			isa = PBXGroup;
			children = (
				EEF3D98925B5A1300095D94E /* Reward.swift */,
				EE729BCC25B6D5EE00EF7AE3 /* SimpleBookItem.swift */,
				EE729BD425B6D60A00EF7AE3 /* BlogItem.swift */,
				EE729BD925B6D67F00EF7AE3 /* NewsItem.swift */,
			);
			path = Model;
			sourceTree = "<group>";
		};
		EEF3D9A325B5A6460095D94E /* View */ = {
			isa = PBXGroup;
			children = (
				EE04B8A125B896ED00970F6F /* String+.swift */,
				EEF3D9AE25B5C88B0095D94E /* UIView+.swift */,
				EE5E942125B5E03D00B135DA /* RewardView.swift */,
				EE729BEF25B731CF00EF7AE3 /* HomeIcon.swift */,
				EE3472F525B806A40048C0CF /* MoreInformationButtonView.swift */,
				EEF3D9BE25B5CF0F0095D94E /* SearchField.swift */,
				EE3472ED25B7E5590048C0CF /* BlogField.swift */,
				EE3472FD25B8147F0048C0CF /* NewsField.swift */,
				EE34731725B834180048C0CF /* BookCollectionField.swift */,
				EE0D65FA25B681DD009EF472 /* RecentSearchTableCell.swift */,
				EE729C0425B73F3800EF7AE3 /* BookCollectionCell.swift */,
				EE729C0E25B74D0800EF7AE3 /* BlogTableCell.swift */,
				EE3472E825B7E1250048C0CF /* NewsTableCell.swift */,
			);
			path = View;
			sourceTree = "<group>";
		};
		EEF7A44325B5D58600FBBDCF /* LottieJson */ = {
			isa = PBXGroup;
			children = (
				EE34731F25B85EBE0048C0CF /* splash-icon.json */,
				EE34730D25B8273C0048C0CF /* home-icon3.json */,
				EE729BFF25B73D6D00EF7AE3 /* home-icon2.json */,
				EE729BFA25B7374400EF7AE3 /* home-icon.json */,
				EE0D65E625B67C3D009EF472 /* reward-1.json */,
				EE0D65E925B67C3D009EF472 /* reward-2.json */,
				EE0D65EA25B67C3D009EF472 /* reward-3.json */,
				EE0D65E525B67C3D009EF472 /* reward-4.json */,
				EE0D65E725B67C3D009EF472 /* reward-5.json */,
				EE0D65EB25B67C3D009EF472 /* reward-6.json */,
				EE0D65EC25B67C3D009EF472 /* reward-7.json */,
				EE0D65ED25B67C3E009EF472 /* reward-8.json */,
				EE0D65E825B67C3D009EF472 /* reward-9.json */,
				EED0D4A125B5E7380057CE90 /* reward-0.json */,
				EEF7A44425B5D5AC00FBBDCF /* main-book.json */,
			);
			path = LottieJson;
			sourceTree = "<group>";
		};
/* End PBXGroup section */

/* Begin PBXNativeTarget section */
		EE3D544025B45E470064C274 /* BookStory */ = {
			isa = PBXNativeTarget;
			buildConfigurationList = EE3D546B25B45E490064C274 /* Build configuration list for PBXNativeTarget "BookStory" */;
			buildPhases = (
				4F14ABCD56977F62289B6E21 /* 📦 Check Pods Manifest.lock */,
				EE3D543D25B45E470064C274 /* Sources */,
				EE3D543E25B45E470064C274 /* Frameworks */,
				EE3D543F25B45E470064C274 /* Resources */,
				CE9D1ECB8EECA7A826A8F18F /* 📦 Embed Pods Frameworks */,
				46D2172B4FBFAA91E556934D /* 📦 Copy Pods Resources */,
			);
			buildRules = (
			);
			dependencies = (
			);
			name = BookStory;
			productName = BookStory;
			productReference = EE3D544125B45E470064C274 /* BookStory.app */;
			productType = "com.apple.product-type.application";
		};
		EE3D545625B45E490064C274 /* BookStoryTests */ = {
			isa = PBXNativeTarget;
			buildConfigurationList = EE3D546E25B45E490064C274 /* Build configuration list for PBXNativeTarget "BookStoryTests" */;
			buildPhases = (
				01639AA65EDF04C279DE7E78 /* 📦 Check Pods Manifest.lock */,
				EE3D545325B45E490064C274 /* Sources */,
				EE3D545425B45E490064C274 /* Frameworks */,
				EE3D545525B45E490064C274 /* Resources */,
				21BFD65D41A61DF477CA0448 /* 📦 Embed Pods Frameworks */,
				B730D080428FF67AB2EB58AB /* 📦 Copy Pods Resources */,
			);
			buildRules = (
			);
			dependencies = (
				EE3D545925B45E490064C274 /* PBXTargetDependency */,
			);
			name = BookStoryTests;
			productName = BookStoryTests;
			productReference = EE3D545725B45E490064C274 /* BookStoryTests.xctest */;
			productType = "com.apple.product-type.bundle.unit-test";
		};
		EE3D546125B45E490064C274 /* BookStoryUITests */ = {
			isa = PBXNativeTarget;
			buildConfigurationList = EE3D547125B45E490064C274 /* Build configuration list for PBXNativeTarget "BookStoryUITests" */;
			buildPhases = (
				8ECE05CEB1CBC319ABEFB1DA /* 📦 Check Pods Manifest.lock */,
				EE3D545E25B45E490064C274 /* Sources */,
				EE3D545F25B45E490064C274 /* Frameworks */,
				EE3D546025B45E490064C274 /* Resources */,
				3581D01B91E8ECE4A342AC41 /* 📦 Copy Pods Resources */,
			);
			buildRules = (
			);
			dependencies = (
				EE3D546425B45E490064C274 /* PBXTargetDependency */,
			);
			name = BookStoryUITests;
			productName = BookStoryUITests;
			productReference = EE3D546225B45E490064C274 /* BookStoryUITests.xctest */;
			productType = "com.apple.product-type.bundle.ui-testing";
		};
/* End PBXNativeTarget section */

/* Begin PBXProject section */
		EE3D543925B45E470064C274 /* Project object */ = {
			isa = PBXProject;
			attributes = {
				LastSwiftUpdateCheck = 1230;
				LastUpgradeCheck = 1230;
				TargetAttributes = {
					EE3D544025B45E470064C274 = {
						CreatedOnToolsVersion = 12.3;
					};
					EE3D545625B45E490064C274 = {
						CreatedOnToolsVersion = 12.3;
						TestTargetID = EE3D544025B45E470064C274;
					};
					EE3D546125B45E490064C274 = {
						CreatedOnToolsVersion = 12.3;
						TestTargetID = EE3D544025B45E470064C274;
					};
				};
			};
			buildConfigurationList = EE3D543C25B45E470064C274 /* Build configuration list for PBXProject "BookStory" */;
			compatibilityVersion = "Xcode 9.3";
			developmentRegion = en;
			hasScannedForEncodings = 0;
			knownRegions = (
				en,
				Base,
			);
			mainGroup = EE3D543825B45E470064C274;
			productRefGroup = EE3D544225B45E470064C274 /* Products */;
			projectDirPath = "";
			projectRoot = "";
			targets = (
				EE3D544025B45E470064C274 /* BookStory */,
				EE3D545625B45E490064C274 /* BookStoryTests */,
				EE3D546125B45E490064C274 /* BookStoryUITests */,
			);
		};
/* End PBXProject section */

/* Begin PBXResourcesBuildPhase section */
		EE3D543F25B45E470064C274 /* Resources */ = {
			isa = PBXResourcesBuildPhase;
			buildActionMask = 2147483647;
			files = (
				EE0D65F325B67C3E009EF472 /* reward-3.json in Resources */,
				EE729BFB25B7374400EF7AE3 /* home-icon.json in Resources */,
				EE0D65F625B67C3E009EF472 /* reward-8.json in Resources */,
				EE3D545125B45E490064C274 /* LaunchScreen.storyboard in Resources */,
				EE0D65EF25B67C3E009EF472 /* reward-1.json in Resources */,
				EE0D65F525B67C3E009EF472 /* reward-7.json in Resources */,
				EE3D544E25B45E490064C274 /* Assets.xcassets in Resources */,
				EE0D65F125B67C3E009EF472 /* reward-9.json in Resources */,
				EE729C0025B73D6D00EF7AE3 /* home-icon2.json in Resources */,
				EE3D544C25B45E470064C274 /* Main.storyboard in Resources */,
				EE34730E25B8273C0048C0CF /* home-icon3.json in Resources */,
				EE0D65F025B67C3E009EF472 /* reward-5.json in Resources */,
				EE0D65EE25B67C3E009EF472 /* reward-4.json in Resources */,
				EED0D4A225B5E7380057CE90 /* reward-0.json in Resources */,
				EE0D65F425B67C3E009EF472 /* reward-6.json in Resources */,
				EEF7A44525B5D5AC00FBBDCF /* main-book.json in Resources */,
				EE0D65F225B67C3E009EF472 /* reward-2.json in Resources */,
				EE34732025B85EBE0048C0CF /* splash-icon.json in Resources */,
			);
			runOnlyForDeploymentPostprocessing = 0;
		};
		EE3D545525B45E490064C274 /* Resources */ = {
			isa = PBXResourcesBuildPhase;
			buildActionMask = 2147483647;
			files = (
			);
			runOnlyForDeploymentPostprocessing = 0;
		};
		EE3D546025B45E490064C274 /* Resources */ = {
			isa = PBXResourcesBuildPhase;
			buildActionMask = 2147483647;
			files = (
			);
			runOnlyForDeploymentPostprocessing = 0;
		};
/* End PBXResourcesBuildPhase section */

/* Begin PBXShellScriptBuildPhase section */
		01639AA65EDF04C279DE7E78 /* 📦 Check Pods Manifest.lock */ = {
			isa = PBXShellScriptBuildPhase;
			buildActionMask = 2147483647;
			files = (
			);
			inputFileListPaths = (
			);
			inputPaths = (
			);
			name = "📦 Check Pods Manifest.lock";
			outputFileListPaths = (
			);
			outputPaths = (
			);
			runOnlyForDeploymentPostprocessing = 0;
			shellPath = /bin/sh;
			shellScript = "diff \"${PODS_ROOT}/../Podfile.lock\" \"${PODS_ROOT}/Manifest.lock\" > /dev/null\nif [[ $? != 0 ]] ; then\n    cat << EOM\nerror: The sandbox is not in sync with the Podfile.lock. Run 'pod install' or update your CocoaPods installation.\nEOM\n    exit 1\nfi\n";
			showEnvVarsInLog = 0;
		};
		21BFD65D41A61DF477CA0448 /* 📦 Embed Pods Frameworks */ = {
			isa = PBXShellScriptBuildPhase;
			buildActionMask = 2147483647;
			files = (
			);
			inputFileListPaths = (
			);
			inputPaths = (
			);
			name = "📦 Embed Pods Frameworks";
			outputFileListPaths = (
			);
			outputPaths = (
			);
			runOnlyForDeploymentPostprocessing = 0;
			shellPath = /bin/sh;
			shellScript = "\"${SRCROOT}/Pods/Target Support Files/Pods-BookStoryTests/Pods-BookStoryTests-frameworks.sh\"\n";
			showEnvVarsInLog = 0;
		};
		3581D01B91E8ECE4A342AC41 /* 📦 Copy Pods Resources */ = {
			isa = PBXShellScriptBuildPhase;
			buildActionMask = 2147483647;
			files = (
			);
			inputFileListPaths = (
			);
			inputPaths = (
			);
			name = "📦 Copy Pods Resources";
			outputFileListPaths = (
			);
			outputPaths = (
			);
			runOnlyForDeploymentPostprocessing = 0;
			shellPath = /bin/sh;
			shellScript = "\"${SRCROOT}/Pods/Target Support Files/Pods-BookStoryUITests/Pods-BookStoryUITests-resources.sh\"\n";
			showEnvVarsInLog = 0;
		};
		46D2172B4FBFAA91E556934D /* 📦 Copy Pods Resources */ = {
			isa = PBXShellScriptBuildPhase;
			buildActionMask = 2147483647;
			files = (
			);
			inputFileListPaths = (
			);
			inputPaths = (
			);
			name = "📦 Copy Pods Resources";
			outputFileListPaths = (
			);
			outputPaths = (
			);
			runOnlyForDeploymentPostprocessing = 0;
			shellPath = /bin/sh;
			shellScript = "\"${SRCROOT}/Pods/Target Support Files/Pods-BookStory/Pods-BookStory-resources.sh\"\n";
			showEnvVarsInLog = 0;
		};
		4F14ABCD56977F62289B6E21 /* 📦 Check Pods Manifest.lock */ = {
			isa = PBXShellScriptBuildPhase;
			buildActionMask = 2147483647;
			files = (
			);
			inputFileListPaths = (
			);
			inputPaths = (
			);
			name = "📦 Check Pods Manifest.lock";
			outputFileListPaths = (
			);
			outputPaths = (
			);
			runOnlyForDeploymentPostprocessing = 0;
			shellPath = /bin/sh;
			shellScript = "diff \"${PODS_ROOT}/../Podfile.lock\" \"${PODS_ROOT}/Manifest.lock\" > /dev/null\nif [[ $? != 0 ]] ; then\n    cat << EOM\nerror: The sandbox is not in sync with the Podfile.lock. Run 'pod install' or update your CocoaPods installation.\nEOM\n    exit 1\nfi\n";
			showEnvVarsInLog = 0;
		};
		8ECE05CEB1CBC319ABEFB1DA /* 📦 Check Pods Manifest.lock */ = {
			isa = PBXShellScriptBuildPhase;
			buildActionMask = 2147483647;
			files = (
			);
			inputFileListPaths = (
			);
			inputPaths = (
			);
			name = "📦 Check Pods Manifest.lock";
			outputFileListPaths = (
			);
			outputPaths = (
			);
			runOnlyForDeploymentPostprocessing = 0;
			shellPath = /bin/sh;
			shellScript = "diff \"${PODS_ROOT}/../Podfile.lock\" \"${PODS_ROOT}/Manifest.lock\" > /dev/null\nif [[ $? != 0 ]] ; then\n    cat << EOM\nerror: The sandbox is not in sync with the Podfile.lock. Run 'pod install' or update your CocoaPods installation.\nEOM\n    exit 1\nfi\n";
			showEnvVarsInLog = 0;
		};
		B730D080428FF67AB2EB58AB /* 📦 Copy Pods Resources */ = {
			isa = PBXShellScriptBuildPhase;
			buildActionMask = 2147483647;
			files = (
			);
			inputFileListPaths = (
			);
			inputPaths = (
			);
			name = "📦 Copy Pods Resources";
			outputFileListPaths = (
			);
			outputPaths = (
			);
			runOnlyForDeploymentPostprocessing = 0;
			shellPath = /bin/sh;
			shellScript = "\"${SRCROOT}/Pods/Target Support Files/Pods-BookStoryTests/Pods-BookStoryTests-resources.sh\"\n";
			showEnvVarsInLog = 0;
		};
		CE9D1ECB8EECA7A826A8F18F /* 📦 Embed Pods Frameworks */ = {
			isa = PBXShellScriptBuildPhase;
			buildActionMask = 2147483647;
			files = (
			);
			inputFileListPaths = (
			);
			inputPaths = (
			);
			name = "📦 Embed Pods Frameworks";
			outputFileListPaths = (
			);
			outputPaths = (
			);
			runOnlyForDeploymentPostprocessing = 0;
			shellPath = /bin/sh;
			shellScript = "\"${SRCROOT}/Pods/Target Support Files/Pods-BookStory/Pods-BookStory-frameworks.sh\"\n";
			showEnvVarsInLog = 0;
		};
/* End PBXShellScriptBuildPhase section */

/* Begin PBXSourcesBuildPhase section */
		EE3D543D25B45E470064C274 /* Sources */ = {
			isa = PBXSourcesBuildPhase;
			buildActionMask = 2147483647;
			files = (
				EEF3D96125B552F90095D94E /* RequestBlogs.swift in Sources */,
				EE729BDA25B6D67F00EF7AE3 /* NewsItem.swift in Sources */,
				EE04B8A225B896ED00970F6F /* String+.swift in Sources */,
				EED0D4AA25B5F4440057CE90 /* MainViewController+UI.swift in Sources */,
				EE3472E925B7E1250048C0CF /* NewsTableCell.swift in Sources */,
				EE0D65E125B674B9009EF472 /* DetailViewController.swift in Sources */,
				EEF3D95C25B54F1E0095D94E /* RequestBookSearch.swift in Sources */,
				EE729BC825B6D2E000EF7AE3 /* DetailViewModel.swift in Sources */,
				EE34731325B828430048C0CF /* DetailViewController+UI.swift in Sources */,
				EE3D544925B45E470064C274 /* MainViewController.swift in Sources */,
				EE67DE8F25B9D6A500ED0F98 /* BlogListViewModel.swift in Sources */,
				EE729BF025B731CF00EF7AE3 /* HomeIcon.swift in Sources */,
				EE3D54D025B496220064C274 /* BookSearchResponse.swift in Sources */,
				EEF3D9BF25B5CF0F0095D94E /* SearchField.swift in Sources */,
				EE729C0525B73F3800EF7AE3 /* BookCollectionCell.swift in Sources */,
				EE3D54E725B49D940064C274 /* KeywordResponse.swift in Sources */,
				EEF3D96625B5539C0095D94E /* RequestShoppings.swift in Sources */,
				EEF3D9AF25B5C88B0095D94E /* UIView+.swift in Sources */,
				EEF3D95425B54D2E0095D94E /* RequestKeywords.swift in Sources */,
				EE3472FE25B8147F0048C0CF /* NewsField.swift in Sources */,
				EE729BD525B6D60A00EF7AE3 /* BlogItem.swift in Sources */,
				EE3D54DD25B499B20064C274 /* ShoppingSearchResponse.swift in Sources */,
				EE67DE8725B945D500ED0F98 /* BlogListViewController.swift in Sources */,
				EE3D54D825B498A60064C274 /* BlogSearchResponse.swift in Sources */,
				EEF3D98125B59E230095D94E /* RewardConfig.swift in Sources */,
				EE3D54F125B4A0A20064C274 /* SecretKeySet.swift in Sources */,
				EE3D548A25B460310064C274 /* BaseViewController.swift in Sources */,
				EEF3D96B25B5541F0095D94E /* RequestNews.swift in Sources */,
				EE729C0F25B74D0800EF7AE3 /* BlogTableCell.swift in Sources */,
				EEF3D94B25B54BBC0095D94E /* URLConfig.swift in Sources */,
				EE3D54E225B49B080064C274 /* NewsSearchResponse.swift in Sources */,
				EE3D54EC25B4A0720064C274 /* KeywordRequestBody.swift in Sources */,
				EE5E942225B5E03D00B135DA /* RewardView.swift in Sources */,
				EE3D544525B45E470064C274 /* AppDelegate.swift in Sources */,
				EE3D544725B45E470064C274 /* SceneDelegate.swift in Sources */,
				EE3472F625B806A40048C0CF /* MoreInformationButtonView.swift in Sources */,
				EE0D65FB25B681DD009EF472 /* RecentSearchTableCell.swift in Sources */,
				EE34731825B834180048C0CF /* BookCollectionField.swift in Sources */,
				EEF3D98A25B5A1300095D94E /* Reward.swift in Sources */,
				EE3472EE25B7E5590048C0CF /* BlogField.swift in Sources */,
				EEF3D97425B55DC60095D94E /* MainViewModel.swift in Sources */,
				EE729BCD25B6D5EE00EF7AE3 /* SimpleBookItem.swift in Sources */,
			);
			runOnlyForDeploymentPostprocessing = 0;
		};
		EE3D545325B45E490064C274 /* Sources */ = {
			isa = PBXSourcesBuildPhase;
			buildActionMask = 2147483647;
			files = (
				EE3D545C25B45E490064C274 /* BookStoryTests.swift in Sources */,
			);
			runOnlyForDeploymentPostprocessing = 0;
		};
		EE3D545E25B45E490064C274 /* Sources */ = {
			isa = PBXSourcesBuildPhase;
			buildActionMask = 2147483647;
			files = (
				EE3D546725B45E490064C274 /* BookStoryUITests.swift in Sources */,
			);
			runOnlyForDeploymentPostprocessing = 0;
		};
/* End PBXSourcesBuildPhase section */

/* Begin PBXTargetDependency section */
		EE3D545925B45E490064C274 /* PBXTargetDependency */ = {
			isa = PBXTargetDependency;
			target = EE3D544025B45E470064C274 /* BookStory */;
			targetProxy = EE3D545825B45E490064C274 /* PBXContainerItemProxy */;
		};
		EE3D546425B45E490064C274 /* PBXTargetDependency */ = {
			isa = PBXTargetDependency;
			target = EE3D544025B45E470064C274 /* BookStory */;
			targetProxy = EE3D546325B45E490064C274 /* PBXContainerItemProxy */;
		};
/* End PBXTargetDependency section */

/* Begin PBXVariantGroup section */
		EE3D544A25B45E470064C274 /* Main.storyboard */ = {
			isa = PBXVariantGroup;
			children = (
				EE3D544B25B45E470064C274 /* Base */,
			);
			name = Main.storyboard;
			sourceTree = "<group>";
		};
		EE3D544F25B45E490064C274 /* LaunchScreen.storyboard */ = {
			isa = PBXVariantGroup;
			children = (
				EE3D545025B45E490064C274 /* Base */,
			);
			name = LaunchScreen.storyboard;
			sourceTree = "<group>";
		};
/* End PBXVariantGroup section */

/* Begin XCBuildConfiguration section */
		EE3D546925B45E490064C274 /* Debug */ = {
			isa = XCBuildConfiguration;
			buildSettings = {
				ALWAYS_SEARCH_USER_PATHS = NO;
				CLANG_ANALYZER_NONNULL = YES;
				CLANG_ANALYZER_NUMBER_OBJECT_CONVERSION = YES_AGGRESSIVE;
				CLANG_CXX_LANGUAGE_STANDARD = "gnu++14";
				CLANG_CXX_LIBRARY = "libc++";
				CLANG_ENABLE_MODULES = YES;
				CLANG_ENABLE_OBJC_ARC = YES;
				CLANG_ENABLE_OBJC_WEAK = YES;
				CLANG_WARN_BLOCK_CAPTURE_AUTORELEASING = YES;
				CLANG_WARN_BOOL_CONVERSION = YES;
				CLANG_WARN_COMMA = YES;
				CLANG_WARN_CONSTANT_CONVERSION = YES;
				CLANG_WARN_DEPRECATED_OBJC_IMPLEMENTATIONS = YES;
				CLANG_WARN_DIRECT_OBJC_ISA_USAGE = YES_ERROR;
				CLANG_WARN_DOCUMENTATION_COMMENTS = YES;
				CLANG_WARN_EMPTY_BODY = YES;
				CLANG_WARN_ENUM_CONVERSION = YES;
				CLANG_WARN_INFINITE_RECURSION = YES;
				CLANG_WARN_INT_CONVERSION = YES;
				CLANG_WARN_NON_LITERAL_NULL_CONVERSION = YES;
				CLANG_WARN_OBJC_IMPLICIT_RETAIN_SELF = YES;
				CLANG_WARN_OBJC_LITERAL_CONVERSION = YES;
				CLANG_WARN_OBJC_ROOT_CLASS = YES_ERROR;
				CLANG_WARN_QUOTED_INCLUDE_IN_FRAMEWORK_HEADER = YES;
				CLANG_WARN_RANGE_LOOP_ANALYSIS = YES;
				CLANG_WARN_STRICT_PROTOTYPES = YES;
				CLANG_WARN_SUSPICIOUS_MOVE = YES;
				CLANG_WARN_UNGUARDED_AVAILABILITY = YES_AGGRESSIVE;
				CLANG_WARN_UNREACHABLE_CODE = YES;
				CLANG_WARN__DUPLICATE_METHOD_MATCH = YES;
				COPY_PHASE_STRIP = NO;
				DEBUG_INFORMATION_FORMAT = dwarf;
				ENABLE_STRICT_OBJC_MSGSEND = YES;
				ENABLE_TESTABILITY = YES;
				GCC_C_LANGUAGE_STANDARD = gnu11;
				GCC_DYNAMIC_NO_PIC = NO;
				GCC_NO_COMMON_BLOCKS = YES;
				GCC_OPTIMIZATION_LEVEL = 0;
				GCC_PREPROCESSOR_DEFINITIONS = (
					"DEBUG=1",
					"$(inherited)",
				);
				GCC_WARN_64_TO_32_BIT_CONVERSION = YES;
				GCC_WARN_ABOUT_RETURN_TYPE = YES_ERROR;
				GCC_WARN_UNDECLARED_SELECTOR = YES;
				GCC_WARN_UNINITIALIZED_AUTOS = YES_AGGRESSIVE;
				GCC_WARN_UNUSED_FUNCTION = YES;
				GCC_WARN_UNUSED_VARIABLE = YES;
				IPHONEOS_DEPLOYMENT_TARGET = 14.3;
				MTL_ENABLE_DEBUG_INFO = INCLUDE_SOURCE;
				MTL_FAST_MATH = YES;
				ONLY_ACTIVE_ARCH = YES;
				SDKROOT = iphoneos;
				SWIFT_ACTIVE_COMPILATION_CONDITIONS = DEBUG;
				SWIFT_OPTIMIZATION_LEVEL = "-Onone";
			};
			name = Debug;
		};
		EE3D546A25B45E490064C274 /* Release */ = {
			isa = XCBuildConfiguration;
			buildSettings = {
				ALWAYS_SEARCH_USER_PATHS = NO;
				CLANG_ANALYZER_NONNULL = YES;
				CLANG_ANALYZER_NUMBER_OBJECT_CONVERSION = YES_AGGRESSIVE;
				CLANG_CXX_LANGUAGE_STANDARD = "gnu++14";
				CLANG_CXX_LIBRARY = "libc++";
				CLANG_ENABLE_MODULES = YES;
				CLANG_ENABLE_OBJC_ARC = YES;
				CLANG_ENABLE_OBJC_WEAK = YES;
				CLANG_WARN_BLOCK_CAPTURE_AUTORELEASING = YES;
				CLANG_WARN_BOOL_CONVERSION = YES;
				CLANG_WARN_COMMA = YES;
				CLANG_WARN_CONSTANT_CONVERSION = YES;
				CLANG_WARN_DEPRECATED_OBJC_IMPLEMENTATIONS = YES;
				CLANG_WARN_DIRECT_OBJC_ISA_USAGE = YES_ERROR;
				CLANG_WARN_DOCUMENTATION_COMMENTS = YES;
				CLANG_WARN_EMPTY_BODY = YES;
				CLANG_WARN_ENUM_CONVERSION = YES;
				CLANG_WARN_INFINITE_RECURSION = YES;
				CLANG_WARN_INT_CONVERSION = YES;
				CLANG_WARN_NON_LITERAL_NULL_CONVERSION = YES;
				CLANG_WARN_OBJC_IMPLICIT_RETAIN_SELF = YES;
				CLANG_WARN_OBJC_LITERAL_CONVERSION = YES;
				CLANG_WARN_OBJC_ROOT_CLASS = YES_ERROR;
				CLANG_WARN_QUOTED_INCLUDE_IN_FRAMEWORK_HEADER = YES;
				CLANG_WARN_RANGE_LOOP_ANALYSIS = YES;
				CLANG_WARN_STRICT_PROTOTYPES = YES;
				CLANG_WARN_SUSPICIOUS_MOVE = YES;
				CLANG_WARN_UNGUARDED_AVAILABILITY = YES_AGGRESSIVE;
				CLANG_WARN_UNREACHABLE_CODE = YES;
				CLANG_WARN__DUPLICATE_METHOD_MATCH = YES;
				COPY_PHASE_STRIP = NO;
				DEBUG_INFORMATION_FORMAT = "dwarf-with-dsym";
				ENABLE_NS_ASSERTIONS = NO;
				ENABLE_STRICT_OBJC_MSGSEND = YES;
				GCC_C_LANGUAGE_STANDARD = gnu11;
				GCC_NO_COMMON_BLOCKS = YES;
				GCC_WARN_64_TO_32_BIT_CONVERSION = YES;
				GCC_WARN_ABOUT_RETURN_TYPE = YES_ERROR;
				GCC_WARN_UNDECLARED_SELECTOR = YES;
				GCC_WARN_UNINITIALIZED_AUTOS = YES_AGGRESSIVE;
				GCC_WARN_UNUSED_FUNCTION = YES;
				GCC_WARN_UNUSED_VARIABLE = YES;
				IPHONEOS_DEPLOYMENT_TARGET = 14.3;
				MTL_ENABLE_DEBUG_INFO = NO;
				MTL_FAST_MATH = YES;
				SDKROOT = iphoneos;
				SWIFT_COMPILATION_MODE = wholemodule;
				SWIFT_OPTIMIZATION_LEVEL = "-O";
				VALIDATE_PRODUCT = YES;
			};
			name = Release;
		};
		EE3D546C25B45E490064C274 /* Debug */ = {
			isa = XCBuildConfiguration;
			baseConfigurationReference = 62D60FFB18C541C203E5FFBA /* Pods-BookStory.debug.xcconfig */;
			buildSettings = {
				ALWAYS_EMBED_SWIFT_STANDARD_LIBRARIES = YES;
				ASSETCATALOG_COMPILER_APPICON_NAME = AppIcon;
				ASSETCATALOG_COMPILER_GLOBAL_ACCENT_COLOR_NAME = AccentColor;
				CODE_SIGN_STYLE = Automatic;
				DEVELOPMENT_TEAM = 5GM4NDSD45;
				INFOPLIST_FILE = BookStory/Info.plist;
				LD_RUNPATH_SEARCH_PATHS = (
					"$(inherited)",
					"@executable_path/Frameworks",
				);
				PRODUCT_BUNDLE_IDENTIFIER = com.khb.EllieBookStory;
				PRODUCT_NAME = "$(TARGET_NAME)";
				SWIFT_VERSION = 5.0;
				TARGETED_DEVICE_FAMILY = "1,2";
			};
			name = Debug;
		};
		EE3D546D25B45E490064C274 /* Release */ = {
			isa = XCBuildConfiguration;
			baseConfigurationReference = D0ED7849731772BF64F9D92E /* Pods-BookStory.release.xcconfig */;
			buildSettings = {
				ALWAYS_EMBED_SWIFT_STANDARD_LIBRARIES = YES;
				ASSETCATALOG_COMPILER_APPICON_NAME = AppIcon;
				ASSETCATALOG_COMPILER_GLOBAL_ACCENT_COLOR_NAME = AccentColor;
				CODE_SIGN_STYLE = Automatic;
				DEVELOPMENT_TEAM = 5GM4NDSD45;
				INFOPLIST_FILE = BookStory/Info.plist;
				LD_RUNPATH_SEARCH_PATHS = (
					"$(inherited)",
					"@executable_path/Frameworks",
				);
				PRODUCT_BUNDLE_IDENTIFIER = com.khb.EllieBookStory;
				PRODUCT_NAME = "$(TARGET_NAME)";
				SWIFT_VERSION = 5.0;
				TARGETED_DEVICE_FAMILY = "1,2";
			};
			name = Release;
		};
		EE3D546F25B45E490064C274 /* Debug */ = {
			isa = XCBuildConfiguration;
			baseConfigurationReference = DCE8304494C1856FE221A1C9 /* Pods-BookStoryTests.debug.xcconfig */;
			buildSettings = {
				ALWAYS_EMBED_SWIFT_STANDARD_LIBRARIES = YES;
				BUNDLE_LOADER = "$(TEST_HOST)";
				CODE_SIGN_STYLE = Automatic;
				DEVELOPMENT_TEAM = R7G2ZY32W4;
				INFOPLIST_FILE = BookStoryTests/Info.plist;
				IPHONEOS_DEPLOYMENT_TARGET = 14.3;
				LD_RUNPATH_SEARCH_PATHS = (
					"$(inherited)",
					"@executable_path/Frameworks",
					"@loader_path/Frameworks",
				);
				PRODUCT_BUNDLE_IDENTIFIER = com.khb.BookStoryTests;
				PRODUCT_NAME = "$(TARGET_NAME)";
				SWIFT_VERSION = 5.0;
				TARGETED_DEVICE_FAMILY = "1,2";
				TEST_HOST = "$(BUILT_PRODUCTS_DIR)/BookStory.app/BookStory";
			};
			name = Debug;
		};
		EE3D547025B45E490064C274 /* Release */ = {
			isa = XCBuildConfiguration;
			baseConfigurationReference = 180CCD1B0FB53C6B06CB99E0 /* Pods-BookStoryTests.release.xcconfig */;
			buildSettings = {
				ALWAYS_EMBED_SWIFT_STANDARD_LIBRARIES = YES;
				BUNDLE_LOADER = "$(TEST_HOST)";
				CODE_SIGN_STYLE = Automatic;
				DEVELOPMENT_TEAM = R7G2ZY32W4;
				INFOPLIST_FILE = BookStoryTests/Info.plist;
				IPHONEOS_DEPLOYMENT_TARGET = 14.3;
				LD_RUNPATH_SEARCH_PATHS = (
					"$(inherited)",
					"@executable_path/Frameworks",
					"@loader_path/Frameworks",
				);
				PRODUCT_BUNDLE_IDENTIFIER = com.khb.BookStoryTests;
				PRODUCT_NAME = "$(TARGET_NAME)";
				SWIFT_VERSION = 5.0;
				TARGETED_DEVICE_FAMILY = "1,2";
				TEST_HOST = "$(BUILT_PRODUCTS_DIR)/BookStory.app/BookStory";
			};
			name = Release;
		};
		EE3D547225B45E490064C274 /* Debug */ = {
			isa = XCBuildConfiguration;
			baseConfigurationReference = 082847464D32583DD86E4C41 /* Pods-BookStoryUITests.debug.xcconfig */;
			buildSettings = {
				ALWAYS_EMBED_SWIFT_STANDARD_LIBRARIES = YES;
				CODE_SIGN_STYLE = Automatic;
				DEVELOPMENT_TEAM = R7G2ZY32W4;
				INFOPLIST_FILE = BookStoryUITests/Info.plist;
				LD_RUNPATH_SEARCH_PATHS = (
					"$(inherited)",
					"@executable_path/Frameworks",
					"@loader_path/Frameworks",
				);
				PRODUCT_BUNDLE_IDENTIFIER = com.khb.BookStoryUITests;
				PRODUCT_NAME = "$(TARGET_NAME)";
				SWIFT_VERSION = 5.0;
				TARGETED_DEVICE_FAMILY = "1,2";
				TEST_TARGET_NAME = BookStory;
			};
			name = Debug;
		};
		EE3D547325B45E490064C274 /* Release */ = {
			isa = XCBuildConfiguration;
			baseConfigurationReference = DCD59DD39D3EAEBE94AE720D /* Pods-BookStoryUITests.release.xcconfig */;
			buildSettings = {
				ALWAYS_EMBED_SWIFT_STANDARD_LIBRARIES = YES;
				CODE_SIGN_STYLE = Automatic;
				DEVELOPMENT_TEAM = R7G2ZY32W4;
				INFOPLIST_FILE = BookStoryUITests/Info.plist;
				LD_RUNPATH_SEARCH_PATHS = (
					"$(inherited)",
					"@executable_path/Frameworks",
					"@loader_path/Frameworks",
				);
				PRODUCT_BUNDLE_IDENTIFIER = com.khb.BookStoryUITests;
				PRODUCT_NAME = "$(TARGET_NAME)";
				SWIFT_VERSION = 5.0;
				TARGETED_DEVICE_FAMILY = "1,2";
				TEST_TARGET_NAME = BookStory;
			};
			name = Release;
		};
/* End XCBuildConfiguration section */

/* Begin XCConfigurationList section */
		EE3D543C25B45E470064C274 /* Build configuration list for PBXProject "BookStory" */ = {
			isa = XCConfigurationList;
			buildConfigurations = (
				EE3D546925B45E490064C274 /* Debug */,
				EE3D546A25B45E490064C274 /* Release */,
			);
			defaultConfigurationIsVisible = 0;
			defaultConfigurationName = Release;
		};
		EE3D546B25B45E490064C274 /* Build configuration list for PBXNativeTarget "BookStory" */ = {
			isa = XCConfigurationList;
			buildConfigurations = (
				EE3D546C25B45E490064C274 /* Debug */,
				EE3D546D25B45E490064C274 /* Release */,
			);
			defaultConfigurationIsVisible = 0;
			defaultConfigurationName = Release;
		};
		EE3D546E25B45E490064C274 /* Build configuration list for PBXNativeTarget "BookStoryTests" */ = {
			isa = XCConfigurationList;
			buildConfigurations = (
				EE3D546F25B45E490064C274 /* Debug */,
				EE3D547025B45E490064C274 /* Release */,
			);
			defaultConfigurationIsVisible = 0;
			defaultConfigurationName = Release;
		};
		EE3D547125B45E490064C274 /* Build configuration list for PBXNativeTarget "BookStoryUITests" */ = {
			isa = XCConfigurationList;
			buildConfigurations = (
				EE3D547225B45E490064C274 /* Debug */,
				EE3D547325B45E490064C274 /* Release */,
			);
			defaultConfigurationIsVisible = 0;
			defaultConfigurationName = Release;
		};
/* End XCConfigurationList section */
	};
	rootObject = EE3D543925B45E470064C274 /* Project object */;
}
