PODS:
  - Alamofire (5.4.1)
  - lottie-ios (3.1.9)
  - RxBlocking (6.0.0):
    - RxSwift (= 6.0.0)
  - RxCocoa (6.0.0):
    - RxRelay (= 6.0.0)
    - RxSwift (= 6.0.0)
  - RxRelay (6.0.0):
    - RxSwift (= 6.0.0)
  - RxSwift (6.0.0)
  - RxTest (6.0.0):
    - RxSwift (= 6.0.0)
  - Then (2.7.0)

DEPENDENCIES:
  - Alamofire (~> 5.2)
  - lottie-ios
  - RxBlocking (= 6.0.0)
  - RxCocoa (= 6.0.0)
  - RxSwift (= 6.0.0)
  - RxTest (= 6.0.0)
  - Then

SPEC CHECKSUMS:
  Alamofire: 2291f7d21ca607c491dd17642e5d40fdcda0e65c
  lottie-ios: 3a3758ef5a008e762faec9c9d50a39842f26d124
  RxBlocking: c025b8c6fe08c5b18c039b5b11d41ec413f8a59e
  RxCocoa: 3f79328fafa3645b34600f37c31e64c73ae3a80e
  RxRelay: 8d593be109c06ea850df027351beba614b012ffb
  RxSwift: c14e798c59b9f6e9a2df8fd235602e85cc044295
  RxTest: ddef4052e63cb116f5b73510488c3113c37c62e5
  Then: acfe0be7e98221c6204e12f8161459606d5d822d

PODFILE CHECKSUM: 3221442a089eb73d80d423d1f9cdad1412cd7747

COCOAPODS: 1.0.0
