// !$*UTF8*$!
{
	archiveVersion = 1;
	classes = {
	};
	objectVersion = 51;
	objects = {

/* Begin PBXBuildFile section */
		3D860BCF91F2303DEEE910BD /* Pods_livre.framework in Frameworks */ = {isa = PBXBuildFile; fileRef = 87AFD25B843DF2649A3681EE /* Pods_livre.framework */; };
		EE0464E526103140001AB04D /* SearchBackgroundView.swift in Sources */ = {isa = PBXBuildFile; fileRef = EE0464E426103140001AB04D /* SearchBackgroundView.swift */; };
		EE0464F626104987001AB04D /* UILabel+.swift in Sources */ = {isa = PBXBuildFile; fileRef = EE0464F526104987001AB04D /* UILabel+.swift */; };
		EEBCE2AF25F85C5400BA6749 /* AppDelegate.swift in Sources */ = {isa = PBXBuildFile; fileRef = EEBCE2AE25F85C5400BA6749 /* AppDelegate.swift */; };
		EEBCE2B125F85C5400BA6749 /* SceneDelegate.swift in Sources */ = {isa = PBXBuildFile; fileRef = EEBCE2B025F85C5400BA6749 /* SceneDelegate.swift */; };
		EEBCE2B825F85C5700BA6749 /* Assets.xcassets in Resources */ = {isa = PBXBuildFile; fileRef = EEBCE2B725F85C5700BA6749 /* Assets.xcassets */; };
		EEBCE2BB25F85C5700BA6749 /* LaunchScreen.storyboard in Resources */ = {isa = PBXBuildFile; fileRef = EEBCE2B925F85C5700BA6749 /* LaunchScreen.storyboard */; };
		EEBCE2CD25F85DEF00BA6749 /* BaseViewController.swift in Sources */ = {isa = PBXBuildFile; fileRef = EEBCE2CC25F85DEF00BA6749 /* BaseViewController.swift */; };
		EEBCE2D425F85E2C00BA6749 /* MainViewController+UI.swift in Sources */ = {isa = PBXBuildFile; fileRef = EEBCE2D125F85E2C00BA6749 /* MainViewController+UI.swift */; };
		EEBCE2D525F85E2C00BA6749 /* MainViewController.swift in Sources */ = {isa = PBXBuildFile; fileRef = EEBCE2D225F85E2C00BA6749 /* MainViewController.swift */; };
		EEBCE2D625F85E2C00BA6749 /* MainViewModel.swift in Sources */ = {isa = PBXBuildFile; fileRef = EEBCE2D325F85E2C00BA6749 /* MainViewModel.swift */; };
		EEBCE2E825F85ED900BA6749 /* BlogField.swift in Sources */ = {isa = PBXBuildFile; fileRef = EEBCE2DD25F85ED900BA6749 /* BlogField.swift */; };
		EEBCE2E925F85ED900BA6749 /* HomeIcon.swift in Sources */ = {isa = PBXBuildFile; fileRef = EEBCE2DE25F85ED900BA6749 /* HomeIcon.swift */; };
		EEBCE2EA25F85ED900BA6749 /* MoreInformationButtonView.swift in Sources */ = {isa = PBXBuildFile; fileRef = EEBCE2DF25F85ED900BA6749 /* MoreInformationButtonView.swift */; };
		EEBCE2EB25F85ED900BA6749 /* NewsField.swift in Sources */ = {isa = PBXBuildFile; fileRef = EEBCE2E025F85ED900BA6749 /* NewsField.swift */; };
		EEBCE2EC25F85ED900BA6749 /* BookCollectionField.swift in Sources */ = {isa = PBXBuildFile; fileRef = EEBCE2E125F85ED900BA6749 /* BookCollectionField.swift */; };
		EEBCE2ED25F85ED900BA6749 /* UIView+.swift in Sources */ = {isa = PBXBuildFile; fileRef = EEBCE2E225F85ED900BA6749 /* UIView+.swift */; };
		EEBCE2EE25F85ED900BA6749 /* SearchField.swift in Sources */ = {isa = PBXBuildFile; fileRef = EEBCE2E325F85ED900BA6749 /* SearchField.swift */; };
		EEBCE2EF25F85ED900BA6749 /* String+.swift in Sources */ = {isa = PBXBuildFile; fileRef = EEBCE2E425F85ED900BA6749 /* String+.swift */; };
		EEBCE2F025F85ED900BA6749 /* TagStack.swift in Sources */ = {isa = PBXBuildFile; fileRef = EEBCE2E525F85ED900BA6749 /* TagStack.swift */; };
		EEBCE2F125F85ED900BA6749 /* RewardView.swift in Sources */ = {isa = PBXBuildFile; fileRef = EEBCE2E625F85ED900BA6749 /* RewardView.swift */; };
		EEBCE2F225F85ED900BA6749 /* BookCard.swift in Sources */ = {isa = PBXBuildFile; fileRef = EEBCE2E725F85ED900BA6749 /* BookCard.swift */; };
		EEBCE2FB25F85EFD00BA6749 /* RecentSearchTableCell.swift in Sources */ = {isa = PBXBuildFile; fileRef = EEBCE2F525F85EFD00BA6749 /* RecentSearchTableCell.swift */; };
		EEBCE2FC25F85EFD00BA6749 /* ShoppingCollectionCell.swift in Sources */ = {isa = PBXBuildFile; fileRef = EEBCE2F625F85EFD00BA6749 /* ShoppingCollectionCell.swift */; };
		EEBCE2FD25F85EFD00BA6749 /* BookCollectionCell.swift in Sources */ = {isa = PBXBuildFile; fileRef = EEBCE2F725F85EFD00BA6749 /* BookCollectionCell.swift */; };
		EEBCE2FE25F85EFD00BA6749 /* MoreButtonTableCell.swift in Sources */ = {isa = PBXBuildFile; fileRef = EEBCE2F825F85EFD00BA6749 /* MoreButtonTableCell.swift */; };
		EEBCE2FF25F85EFD00BA6749 /* NewsTableCell.swift in Sources */ = {isa = PBXBuildFile; fileRef = EEBCE2F925F85EFD00BA6749 /* NewsTableCell.swift */; };
		EEBCE30025F85EFD00BA6749 /* BlogTableCell.swift in Sources */ = {isa = PBXBuildFile; fileRef = EEBCE2FA25F85EFD00BA6749 /* BlogTableCell.swift */; };
		EEBCE30825F85F7600BA6749 /* SearchViewController.swift in Sources */ = {isa = PBXBuildFile; fileRef = EEBCE30525F85F7600BA6749 /* SearchViewController.swift */; };
		EEBCE30925F85F7600BA6749 /* SearchViewController+UI.swift in Sources */ = {isa = PBXBuildFile; fileRef = EEBCE30625F85F7600BA6749 /* SearchViewController+UI.swift */; };
		EEBCE30A25F85F7600BA6749 /* SearchViewModel.swift in Sources */ = {isa = PBXBuildFile; fileRef = EEBCE30725F85F7600BA6749 /* SearchViewModel.swift */; };
		EEBCE30F25F85F7D00BA6749 /* BlogListViewController.swift in Sources */ = {isa = PBXBuildFile; fileRef = EEBCE30C25F85F7D00BA6749 /* BlogListViewController.swift */; };
		EEBCE31025F85F7D00BA6749 /* BlogListViewController+UI.swift in Sources */ = {isa = PBXBuildFile; fileRef = EEBCE30D25F85F7D00BA6749 /* BlogListViewController+UI.swift */; };
		EEBCE31125F85F7D00BA6749 /* BlogListViewModel.swift in Sources */ = {isa = PBXBuildFile; fileRef = EEBCE30E25F85F7D00BA6749 /* BlogListViewModel.swift */; };
		EEBCE31625F85F8A00BA6749 /* NewsListViewController+UI.swift in Sources */ = {isa = PBXBuildFile; fileRef = EEBCE31325F85F8A00BA6749 /* NewsListViewController+UI.swift */; };
		EEBCE31725F85F8A00BA6749 /* NewsListViewController.swift in Sources */ = {isa = PBXBuildFile; fileRef = EEBCE31425F85F8A00BA6749 /* NewsListViewController.swift */; };
		EEBCE31825F85F8A00BA6749 /* NewsListViewModel.swift in Sources */ = {isa = PBXBuildFile; fileRef = EEBCE31525F85F8A00BA6749 /* NewsListViewModel.swift */; };
		EEBCE31E25F85FAE00BA6749 /* DetailVeiwController+UI.swift in Sources */ = {isa = PBXBuildFile; fileRef = EEBCE31B25F85FAE00BA6749 /* DetailVeiwController+UI.swift */; };
		EEBCE31F25F85FAE00BA6749 /* DetailViewController.swift in Sources */ = {isa = PBXBuildFile; fileRef = EEBCE31C25F85FAE00BA6749 /* DetailViewController.swift */; };
		EEBCE32025F85FAE00BA6749 /* DetailViewModel.swift in Sources */ = {isa = PBXBuildFile; fileRef = EEBCE31D25F85FAE00BA6749 /* DetailViewModel.swift */; };
		EEBCE32925F85FCF00BA6749 /* BlogItem.swift in Sources */ = {isa = PBXBuildFile; fileRef = EEBCE32325F85FCF00BA6749 /* BlogItem.swift */; };
		EEBCE32A25F85FCF00BA6749 /* Book.swift in Sources */ = {isa = PBXBuildFile; fileRef = EEBCE32425F85FCF00BA6749 /* Book.swift */; };
		EEBCE32B25F85FCF00BA6749 /* Shopping.swift in Sources */ = {isa = PBXBuildFile; fileRef = EEBCE32525F85FCF00BA6749 /* Shopping.swift */; };
		EEBCE32C25F85FCF00BA6749 /* Reward.swift in Sources */ = {isa = PBXBuildFile; fileRef = EEBCE32625F85FCF00BA6749 /* Reward.swift */; };
		EEBCE32D25F85FCF00BA6749 /* SimpleBookItem.swift in Sources */ = {isa = PBXBuildFile; fileRef = EEBCE32725F85FCF00BA6749 /* SimpleBookItem.swift */; };
		EEBCE32E25F85FCF00BA6749 /* NewsItem.swift in Sources */ = {isa = PBXBuildFile; fileRef = EEBCE32825F85FCF00BA6749 /* NewsItem.swift */; };
		EEBCE33925F8602700BA6749 /* NewsSearchResponse.swift in Sources */ = {isa = PBXBuildFile; fileRef = EEBCE33325F8602700BA6749 /* NewsSearchResponse.swift */; };
		EEBCE33A25F8602700BA6749 /* KeywordRequestBody.swift in Sources */ = {isa = PBXBuildFile; fileRef = EEBCE33425F8602700BA6749 /* KeywordRequestBody.swift */; };
		EEBCE33B25F8602700BA6749 /* KeywordResponse.swift in Sources */ = {isa = PBXBuildFile; fileRef = EEBCE33525F8602700BA6749 /* KeywordResponse.swift */; };
		EEBCE33C25F8602700BA6749 /* ShoppingSearchResponse.swift in Sources */ = {isa = PBXBuildFile; fileRef = EEBCE33625F8602700BA6749 /* ShoppingSearchResponse.swift */; };
		EEBCE33D25F8602700BA6749 /* BlogSearchResponse.swift in Sources */ = {isa = PBXBuildFile; fileRef = EEBCE33725F8602700BA6749 /* BlogSearchResponse.swift */; };
		EEBCE33E25F8602700BA6749 /* BookSearchResponse.swift in Sources */ = {isa = PBXBuildFile; fileRef = EEBCE33825F8602700BA6749 /* BookSearchResponse.swift */; };
		EEBCE34525F8603200BA6749 /* RequestBookSearch.swift in Sources */ = {isa = PBXBuildFile; fileRef = EEBCE34025F8603200BA6749 /* RequestBookSearch.swift */; };
		EEBCE34625F8603200BA6749 /* RequestBlogs.swift in Sources */ = {isa = PBXBuildFile; fileRef = EEBCE34125F8603200BA6749 /* RequestBlogs.swift */; };
		EEBCE34725F8603200BA6749 /* RequestNews.swift in Sources */ = {isa = PBXBuildFile; fileRef = EEBCE34225F8603200BA6749 /* RequestNews.swift */; };
		EEBCE34825F8603200BA6749 /* RequestShoppings.swift in Sources */ = {isa = PBXBuildFile; fileRef = EEBCE34325F8603200BA6749 /* RequestShoppings.swift */; };
		EEBCE34925F8603200BA6749 /* RequestKeywords.swift in Sources */ = {isa = PBXBuildFile; fileRef = EEBCE34425F8603200BA6749 /* RequestKeywords.swift */; };
		EEBCE34E25F8603800BA6749 /* RewardConfig.swift in Sources */ = {isa = PBXBuildFile; fileRef = EEBCE34B25F8603800BA6749 /* RewardConfig.swift */; };
		EEBCE34F25F8603800BA6749 /* SecretKeySet.swift in Sources */ = {isa = PBXBuildFile; fileRef = EEBCE34C25F8603800BA6749 /* SecretKeySet.swift */; };
		EEBCE35025F8603800BA6749 /* URLConfig.swift in Sources */ = {isa = PBXBuildFile; fileRef = EEBCE34D25F8603800BA6749 /* URLConfig.swift */; };
		EEBCE35A25F860A700BA6749 /* NotoSansKR-Medium.otf in Resources */ = {isa = PBXBuildFile; fileRef = EEBCE35525F860A700BA6749 /* NotoSansKR-Medium.otf */; };
		EEBCE35B25F860A700BA6749 /* GmarketSansTTFLight.ttf in Resources */ = {isa = PBXBuildFile; fileRef = EEBCE35625F860A700BA6749 /* GmarketSansTTFLight.ttf */; };
		EEBCE35C25F860A700BA6749 /* NotoSansKR-Regular.otf in Resources */ = {isa = PBXBuildFile; fileRef = EEBCE35725F860A700BA6749 /* NotoSansKR-Regular.otf */; };
		EEBCE35D25F860A700BA6749 /* Montserrat-Medium.ttf in Resources */ = {isa = PBXBuildFile; fileRef = EEBCE35825F860A700BA6749 /* Montserrat-Medium.ttf */; };
		EEBCE35E25F860A700BA6749 /* GmarketSansTTFMedium.ttf in Resources */ = {isa = PBXBuildFile; fileRef = EEBCE35925F860A700BA6749 /* GmarketSansTTFMedium.ttf */; };
		EEBCE36F25F860AF00BA6749 /* reward-5.json in Resources */ = {isa = PBXBuildFile; fileRef = EEBCE36025F860AF00BA6749 /* reward-5.json */; };
		EEBCE37025F860AF00BA6749 /* reward-8.json in Resources */ = {isa = PBXBuildFile; fileRef = EEBCE36125F860AF00BA6749 /* reward-8.json */; };
		EEBCE37125F860AF00BA6749 /* reward-7.json in Resources */ = {isa = PBXBuildFile; fileRef = EEBCE36225F860AF00BA6749 /* reward-7.json */; };
		EEBCE37225F860AF00BA6749 /* home-icon3.json in Resources */ = {isa = PBXBuildFile; fileRef = EEBCE36325F860AF00BA6749 /* home-icon3.json */; };
		EEBCE37325F860AF00BA6749 /* splash-icon.json in Resources */ = {isa = PBXBuildFile; fileRef = EEBCE36425F860AF00BA6749 /* splash-icon.json */; };
		EEBCE37425F860AF00BA6749 /* reward-9.json in Resources */ = {isa = PBXBuildFile; fileRef = EEBCE36525F860AF00BA6749 /* reward-9.json */; };
		EEBCE37525F860AF00BA6749 /* reward-3.json in Resources */ = {isa = PBXBuildFile; fileRef = EEBCE36625F860AF00BA6749 /* reward-3.json */; };
		EEBCE37625F860AF00BA6749 /* main-book.json in Resources */ = {isa = PBXBuildFile; fileRef = EEBCE36725F860AF00BA6749 /* main-book.json */; };
		EEBCE37725F860AF00BA6749 /* home-icon2.json in Resources */ = {isa = PBXBuildFile; fileRef = EEBCE36825F860AF00BA6749 /* home-icon2.json */; };
		EEBCE37825F860AF00BA6749 /* reward-2.json in Resources */ = {isa = PBXBuildFile; fileRef = EEBCE36925F860AF00BA6749 /* reward-2.json */; };
		EEBCE37925F860AF00BA6749 /* reward-4.json in Resources */ = {isa = PBXBuildFile; fileRef = EEBCE36A25F860AF00BA6749 /* reward-4.json */; };
		EEBCE37A25F860AF00BA6749 /* reward-6.json in Resources */ = {isa = PBXBuildFile; fileRef = EEBCE36B25F860AF00BA6749 /* reward-6.json */; };
		EEBCE37B25F860AF00BA6749 /* home-icon.json in Resources */ = {isa = PBXBuildFile; fileRef = EEBCE36C25F860AF00BA6749 /* home-icon.json */; };
		EEBCE37C25F860AF00BA6749 /* reward-1.json in Resources */ = {isa = PBXBuildFile; fileRef = EEBCE36D25F860AF00BA6749 /* reward-1.json */; };
		EEBCE37D25F860AF00BA6749 /* reward-0.json in Resources */ = {isa = PBXBuildFile; fileRef = EEBCE36E25F860AF00BA6749 /* reward-0.json */; };
/* End PBXBuildFile section */

/* Begin PBXFileReference section */
		87AFD25B843DF2649A3681EE /* Pods_livre.framework */ = {isa = PBXFileReference; explicitFileType = wrapper.framework; includeInIndex = 0; path = Pods_livre.framework; sourceTree = BUILT_PRODUCTS_DIR; };
		8BC0E255A4038CC1974E72BD /* Pods-livre.debug.xcconfig */ = {isa = PBXFileReference; includeInIndex = 1; lastKnownFileType = text.xcconfig; name = "Pods-livre.debug.xcconfig"; path = "Target Support Files/Pods-livre/Pods-livre.debug.xcconfig"; sourceTree = "<group>"; };
		8C0121A6DF1BE22A483CF06B /* Pods-livre.release.xcconfig */ = {isa = PBXFileReference; includeInIndex = 1; lastKnownFileType = text.xcconfig; name = "Pods-livre.release.xcconfig"; path = "Target Support Files/Pods-livre/Pods-livre.release.xcconfig"; sourceTree = "<group>"; };
		EE0464E426103140001AB04D /* SearchBackgroundView.swift */ = {isa = PBXFileReference; lastKnownFileType = sourcecode.swift; path = SearchBackgroundView.swift; sourceTree = "<group>"; };
		EE0464F526104987001AB04D /* UILabel+.swift */ = {isa = PBXFileReference; lastKnownFileType = sourcecode.swift; path = "UILabel+.swift"; sourceTree = "<group>"; };
		EEBCE2AB25F85C5400BA6749 /* livre.app */ = {isa = PBXFileReference; explicitFileType = wrapper.application; includeInIndex = 0; path = livre.app; sourceTree = BUILT_PRODUCTS_DIR; };
		EEBCE2AE25F85C5400BA6749 /* AppDelegate.swift */ = {isa = PBXFileReference; lastKnownFileType = sourcecode.swift; path = AppDelegate.swift; sourceTree = "<group>"; };
		EEBCE2B025F85C5400BA6749 /* SceneDelegate.swift */ = {isa = PBXFileReference; lastKnownFileType = sourcecode.swift; path = SceneDelegate.swift; sourceTree = "<group>"; };
		EEBCE2B725F85C5700BA6749 /* Assets.xcassets */ = {isa = PBXFileReference; lastKnownFileType = folder.assetcatalog; path = Assets.xcassets; sourceTree = "<group>"; };
		EEBCE2BA25F85C5700BA6749 /* Base */ = {isa = PBXFileReference; lastKnownFileType = file.storyboard; name = Base; path = Base.lproj/LaunchScreen.storyboard; sourceTree = "<group>"; };
		EEBCE2BC25F85C5700BA6749 /* Info.plist */ = {isa = PBXFileReference; lastKnownFileType = text.plist.xml; path = Info.plist; sourceTree = "<group>"; };
		EEBCE2CC25F85DEF00BA6749 /* BaseViewController.swift */ = {isa = PBXFileReference; fileEncoding = 4; lastKnownFileType = sourcecode.swift; path = BaseViewController.swift; sourceTree = "<group>"; };
		EEBCE2D125F85E2C00BA6749 /* MainViewController+UI.swift */ = {isa = PBXFileReference; fileEncoding = 4; lastKnownFileType = sourcecode.swift; path = "MainViewController+UI.swift"; sourceTree = "<group>"; };
		EEBCE2D225F85E2C00BA6749 /* MainViewController.swift */ = {isa = PBXFileReference; fileEncoding = 4; lastKnownFileType = sourcecode.swift; path = MainViewController.swift; sourceTree = "<group>"; };
		EEBCE2D325F85E2C00BA6749 /* MainViewModel.swift */ = {isa = PBXFileReference; fileEncoding = 4; lastKnownFileType = sourcecode.swift; path = MainViewModel.swift; sourceTree = "<group>"; };
		EEBCE2DD25F85ED900BA6749 /* BlogField.swift */ = {isa = PBXFileReference; fileEncoding = 4; lastKnownFileType = sourcecode.swift; path = BlogField.swift; sourceTree = "<group>"; };
		EEBCE2DE25F85ED900BA6749 /* HomeIcon.swift */ = {isa = PBXFileReference; fileEncoding = 4; lastKnownFileType = sourcecode.swift; path = HomeIcon.swift; sourceTree = "<group>"; };
		EEBCE2DF25F85ED900BA6749 /* MoreInformationButtonView.swift */ = {isa = PBXFileReference; fileEncoding = 4; lastKnownFileType = sourcecode.swift; path = MoreInformationButtonView.swift; sourceTree = "<group>"; };
		EEBCE2E025F85ED900BA6749 /* NewsField.swift */ = {isa = PBXFileReference; fileEncoding = 4; lastKnownFileType = sourcecode.swift; path = NewsField.swift; sourceTree = "<group>"; };
		EEBCE2E125F85ED900BA6749 /* BookCollectionField.swift */ = {isa = PBXFileReference; fileEncoding = 4; lastKnownFileType = sourcecode.swift; path = BookCollectionField.swift; sourceTree = "<group>"; };
		EEBCE2E225F85ED900BA6749 /* UIView+.swift */ = {isa = PBXFileReference; fileEncoding = 4; lastKnownFileType = sourcecode.swift; path = "UIView+.swift"; sourceTree = "<group>"; };
		EEBCE2E325F85ED900BA6749 /* SearchField.swift */ = {isa = PBXFileReference; fileEncoding = 4; lastKnownFileType = sourcecode.swift; path = SearchField.swift; sourceTree = "<group>"; };
		EEBCE2E425F85ED900BA6749 /* String+.swift */ = {isa = PBXFileReference; fileEncoding = 4; lastKnownFileType = sourcecode.swift; path = "String+.swift"; sourceTree = "<group>"; };
		EEBCE2E525F85ED900BA6749 /* TagStack.swift */ = {isa = PBXFileReference; fileEncoding = 4; lastKnownFileType = sourcecode.swift; path = TagStack.swift; sourceTree = "<group>"; };
		EEBCE2E625F85ED900BA6749 /* RewardView.swift */ = {isa = PBXFileReference; fileEncoding = 4; lastKnownFileType = sourcecode.swift; path = RewardView.swift; sourceTree = "<group>"; };
		EEBCE2E725F85ED900BA6749 /* BookCard.swift */ = {isa = PBXFileReference; fileEncoding = 4; lastKnownFileType = sourcecode.swift; path = BookCard.swift; sourceTree = "<group>"; };
		EEBCE2F525F85EFD00BA6749 /* RecentSearchTableCell.swift */ = {isa = PBXFileReference; fileEncoding = 4; lastKnownFileType = sourcecode.swift; path = RecentSearchTableCell.swift; sourceTree = "<group>"; };
		EEBCE2F625F85EFD00BA6749 /* ShoppingCollectionCell.swift */ = {isa = PBXFileReference; fileEncoding = 4; lastKnownFileType = sourcecode.swift; path = ShoppingCollectionCell.swift; sourceTree = "<group>"; };
		EEBCE2F725F85EFD00BA6749 /* BookCollectionCell.swift */ = {isa = PBXFileReference; fileEncoding = 4; lastKnownFileType = sourcecode.swift; path = BookCollectionCell.swift; sourceTree = "<group>"; };
		EEBCE2F825F85EFD00BA6749 /* MoreButtonTableCell.swift */ = {isa = PBXFileReference; fileEncoding = 4; lastKnownFileType = sourcecode.swift; path = MoreButtonTableCell.swift; sourceTree = "<group>"; };
		EEBCE2F925F85EFD00BA6749 /* NewsTableCell.swift */ = {isa = PBXFileReference; fileEncoding = 4; lastKnownFileType = sourcecode.swift; path = NewsTableCell.swift; sourceTree = "<group>"; };
		EEBCE2FA25F85EFD00BA6749 /* BlogTableCell.swift */ = {isa = PBXFileReference; fileEncoding = 4; lastKnownFileType = sourcecode.swift; path = BlogTableCell.swift; sourceTree = "<group>"; };
		EEBCE30525F85F7600BA6749 /* SearchViewController.swift */ = {isa = PBXFileReference; fileEncoding = 4; lastKnownFileType = sourcecode.swift; path = SearchViewController.swift; sourceTree = "<group>"; };
		EEBCE30625F85F7600BA6749 /* SearchViewController+UI.swift */ = {isa = PBXFileReference; fileEncoding = 4; lastKnownFileType = sourcecode.swift; path = "SearchViewController+UI.swift"; sourceTree = "<group>"; };
		EEBCE30725F85F7600BA6749 /* SearchViewModel.swift */ = {isa = PBXFileReference; fileEncoding = 4; lastKnownFileType = sourcecode.swift; path = SearchViewModel.swift; sourceTree = "<group>"; };
		EEBCE30C25F85F7D00BA6749 /* BlogListViewController.swift */ = {isa = PBXFileReference; fileEncoding = 4; lastKnownFileType = sourcecode.swift; path = BlogListViewController.swift; sourceTree = "<group>"; };
		EEBCE30D25F85F7D00BA6749 /* BlogListViewController+UI.swift */ = {isa = PBXFileReference; fileEncoding = 4; lastKnownFileType = sourcecode.swift; path = "BlogListViewController+UI.swift"; sourceTree = "<group>"; };
		EEBCE30E25F85F7D00BA6749 /* BlogListViewModel.swift */ = {isa = PBXFileReference; fileEncoding = 4; lastKnownFileType = sourcecode.swift; path = BlogListViewModel.swift; sourceTree = "<group>"; };
		EEBCE31325F85F8A00BA6749 /* NewsListViewController+UI.swift */ = {isa = PBXFileReference; fileEncoding = 4; lastKnownFileType = sourcecode.swift; path = "NewsListViewController+UI.swift"; sourceTree = "<group>"; };
		EEBCE31425F85F8A00BA6749 /* NewsListViewController.swift */ = {isa = PBXFileReference; fileEncoding = 4; lastKnownFileType = sourcecode.swift; path = NewsListViewController.swift; sourceTree = "<group>"; };
		EEBCE31525F85F8A00BA6749 /* NewsListViewModel.swift */ = {isa = PBXFileReference; fileEncoding = 4; lastKnownFileType = sourcecode.swift; path = NewsListViewModel.swift; sourceTree = "<group>"; };
		EEBCE31B25F85FAE00BA6749 /* DetailVeiwController+UI.swift */ = {isa = PBXFileReference; fileEncoding = 4; lastKnownFileType = sourcecode.swift; path = "DetailVeiwController+UI.swift"; sourceTree = "<group>"; };
		EEBCE31C25F85FAE00BA6749 /* DetailViewController.swift */ = {isa = PBXFileReference; fileEncoding = 4; lastKnownFileType = sourcecode.swift; path = DetailViewController.swift; sourceTree = "<group>"; };
		EEBCE31D25F85FAE00BA6749 /* DetailViewModel.swift */ = {isa = PBXFileReference; fileEncoding = 4; lastKnownFileType = sourcecode.swift; path = DetailViewModel.swift; sourceTree = "<group>"; };
		EEBCE32325F85FCF00BA6749 /* BlogItem.swift */ = {isa = PBXFileReference; fileEncoding = 4; lastKnownFileType = sourcecode.swift; path = BlogItem.swift; sourceTree = "<group>"; };
		EEBCE32425F85FCF00BA6749 /* Book.swift */ = {isa = PBXFileReference; fileEncoding = 4; lastKnownFileType = sourcecode.swift; path = Book.swift; sourceTree = "<group>"; };
		EEBCE32525F85FCF00BA6749 /* Shopping.swift */ = {isa = PBXFileReference; fileEncoding = 4; lastKnownFileType = sourcecode.swift; path = Shopping.swift; sourceTree = "<group>"; };
		EEBCE32625F85FCF00BA6749 /* Reward.swift */ = {isa = PBXFileReference; fileEncoding = 4; lastKnownFileType = sourcecode.swift; path = Reward.swift; sourceTree = "<group>"; };
		EEBCE32725F85FCF00BA6749 /* SimpleBookItem.swift */ = {isa = PBXFileReference; fileEncoding = 4; lastKnownFileType = sourcecode.swift; path = SimpleBookItem.swift; sourceTree = "<group>"; };
		EEBCE32825F85FCF00BA6749 /* NewsItem.swift */ = {isa = PBXFileReference; fileEncoding = 4; lastKnownFileType = sourcecode.swift; path = NewsItem.swift; sourceTree = "<group>"; };
		EEBCE33325F8602700BA6749 /* NewsSearchResponse.swift */ = {isa = PBXFileReference; fileEncoding = 4; lastKnownFileType = sourcecode.swift; path = NewsSearchResponse.swift; sourceTree = "<group>"; };
		EEBCE33425F8602700BA6749 /* KeywordRequestBody.swift */ = {isa = PBXFileReference; fileEncoding = 4; lastKnownFileType = sourcecode.swift; path = KeywordRequestBody.swift; sourceTree = "<group>"; };
		EEBCE33525F8602700BA6749 /* KeywordResponse.swift */ = {isa = PBXFileReference; fileEncoding = 4; lastKnownFileType = sourcecode.swift; path = KeywordResponse.swift; sourceTree = "<group>"; };
		EEBCE33625F8602700BA6749 /* ShoppingSearchResponse.swift */ = {isa = PBXFileReference; fileEncoding = 4; lastKnownFileType = sourcecode.swift; path = ShoppingSearchResponse.swift; sourceTree = "<group>"; };
		EEBCE33725F8602700BA6749 /* BlogSearchResponse.swift */ = {isa = PBXFileReference; fileEncoding = 4; lastKnownFileType = sourcecode.swift; path = BlogSearchResponse.swift; sourceTree = "<group>"; };
		EEBCE33825F8602700BA6749 /* BookSearchResponse.swift */ = {isa = PBXFileReference; fileEncoding = 4; lastKnownFileType = sourcecode.swift; path = BookSearchResponse.swift; sourceTree = "<group>"; };
		EEBCE34025F8603200BA6749 /* RequestBookSearch.swift */ = {isa = PBXFileReference; fileEncoding = 4; lastKnownFileType = sourcecode.swift; path = RequestBookSearch.swift; sourceTree = "<group>"; };
		EEBCE34125F8603200BA6749 /* RequestBlogs.swift */ = {isa = PBXFileReference; fileEncoding = 4; lastKnownFileType = sourcecode.swift; path = RequestBlogs.swift; sourceTree = "<group>"; };
		EEBCE34225F8603200BA6749 /* RequestNews.swift */ = {isa = PBXFileReference; fileEncoding = 4; lastKnownFileType = sourcecode.swift; path = RequestNews.swift; sourceTree = "<group>"; };
		EEBCE34325F8603200BA6749 /* RequestShoppings.swift */ = {isa = PBXFileReference; fileEncoding = 4; lastKnownFileType = sourcecode.swift; path = RequestShoppings.swift; sourceTree = "<group>"; };
		EEBCE34425F8603200BA6749 /* RequestKeywords.swift */ = {isa = PBXFileReference; fileEncoding = 4; lastKnownFileType = sourcecode.swift; path = RequestKeywords.swift; sourceTree = "<group>"; };
		EEBCE34B25F8603800BA6749 /* RewardConfig.swift */ = {isa = PBXFileReference; fileEncoding = 4; lastKnownFileType = sourcecode.swift; path = RewardConfig.swift; sourceTree = "<group>"; };
		EEBCE34C25F8603800BA6749 /* SecretKeySet.swift */ = {isa = PBXFileReference; fileEncoding = 4; lastKnownFileType = sourcecode.swift; path = SecretKeySet.swift; sourceTree = "<group>"; };
		EEBCE34D25F8603800BA6749 /* URLConfig.swift */ = {isa = PBXFileReference; fileEncoding = 4; lastKnownFileType = sourcecode.swift; path = URLConfig.swift; sourceTree = "<group>"; };
		EEBCE35525F860A700BA6749 /* NotoSansKR-Medium.otf */ = {isa = PBXFileReference; lastKnownFileType = file; path = "NotoSansKR-Medium.otf"; sourceTree = "<group>"; };
		EEBCE35625F860A700BA6749 /* GmarketSansTTFLight.ttf */ = {isa = PBXFileReference; lastKnownFileType = file; path = GmarketSansTTFLight.ttf; sourceTree = "<group>"; };
		EEBCE35725F860A700BA6749 /* NotoSansKR-Regular.otf */ = {isa = PBXFileReference; lastKnownFileType = file; path = "NotoSansKR-Regular.otf"; sourceTree = "<group>"; };
		EEBCE35825F860A700BA6749 /* Montserrat-Medium.ttf */ = {isa = PBXFileReference; lastKnownFileType = file; path = "Montserrat-Medium.ttf"; sourceTree = "<group>"; };
		EEBCE35925F860A700BA6749 /* GmarketSansTTFMedium.ttf */ = {isa = PBXFileReference; lastKnownFileType = file; path = GmarketSansTTFMedium.ttf; sourceTree = "<group>"; };
		EEBCE36025F860AF00BA6749 /* reward-5.json */ = {isa = PBXFileReference; fileEncoding = 4; lastKnownFileType = text.json; path = "reward-5.json"; sourceTree = "<group>"; };
		EEBCE36125F860AF00BA6749 /* reward-8.json */ = {isa = PBXFileReference; fileEncoding = 4; lastKnownFileType = text.json; path = "reward-8.json"; sourceTree = "<group>"; };
		EEBCE36225F860AF00BA6749 /* reward-7.json */ = {isa = PBXFileReference; fileEncoding = 4; lastKnownFileType = text.json; path = "reward-7.json"; sourceTree = "<group>"; };
		EEBCE36325F860AF00BA6749 /* home-icon3.json */ = {isa = PBXFileReference; fileEncoding = 4; lastKnownFileType = text.json; path = "home-icon3.json"; sourceTree = "<group>"; };
		EEBCE36425F860AF00BA6749 /* splash-icon.json */ = {isa = PBXFileReference; fileEncoding = 4; lastKnownFileType = text.json; path = "splash-icon.json"; sourceTree = "<group>"; };
		EEBCE36525F860AF00BA6749 /* reward-9.json */ = {isa = PBXFileReference; fileEncoding = 4; lastKnownFileType = text.json; path = "reward-9.json"; sourceTree = "<group>"; };
		EEBCE36625F860AF00BA6749 /* reward-3.json */ = {isa = PBXFileReference; fileEncoding = 4; lastKnownFileType = text.json; path = "reward-3.json"; sourceTree = "<group>"; };
		EEBCE36725F860AF00BA6749 /* main-book.json */ = {isa = PBXFileReference; fileEncoding = 4; lastKnownFileType = text.json; path = "main-book.json"; sourceTree = "<group>"; };
		EEBCE36825F860AF00BA6749 /* home-icon2.json */ = {isa = PBXFileReference; fileEncoding = 4; lastKnownFileType = text.json; path = "home-icon2.json"; sourceTree = "<group>"; };
		EEBCE36925F860AF00BA6749 /* reward-2.json */ = {isa = PBXFileReference; fileEncoding = 4; lastKnownFileType = text.json; path = "reward-2.json"; sourceTree = "<group>"; };
		EEBCE36A25F860AF00BA6749 /* reward-4.json */ = {isa = PBXFileReference; fileEncoding = 4; lastKnownFileType = text.json; path = "reward-4.json"; sourceTree = "<group>"; };
		EEBCE36B25F860AF00BA6749 /* reward-6.json */ = {isa = PBXFileReference; fileEncoding = 4; lastKnownFileType = text.json; path = "reward-6.json"; sourceTree = "<group>"; };
		EEBCE36C25F860AF00BA6749 /* home-icon.json */ = {isa = PBXFileReference; fileEncoding = 4; lastKnownFileType = text.json; path = "home-icon.json"; sourceTree = "<group>"; };
		EEBCE36D25F860AF00BA6749 /* reward-1.json */ = {isa = PBXFileReference; fileEncoding = 4; lastKnownFileType = text.json; path = "reward-1.json"; sourceTree = "<group>"; };
		EEBCE36E25F860AF00BA6749 /* reward-0.json */ = {isa = PBXFileReference; fileEncoding = 4; lastKnownFileType = text.json; path = "reward-0.json"; sourceTree = "<group>"; };
/* End PBXFileReference section */

/* Begin PBXFrameworksBuildPhase section */
		EEBCE2A825F85C5400BA6749 /* Frameworks */ = {
			isa = PBXFrameworksBuildPhase;
			buildActionMask = 2147483647;
			files = (
				3D860BCF91F2303DEEE910BD /* Pods_livre.framework in Frameworks */,
			);
			runOnlyForDeploymentPostprocessing = 0;
		};
/* End PBXFrameworksBuildPhase section */

/* Begin PBXGroup section */
		082E80DE874F055E14E85995 /* Frameworks */ = {
			isa = PBXGroup;
			children = (
				87AFD25B843DF2649A3681EE /* Pods_livre.framework */,
			);
			name = Frameworks;
			sourceTree = "<group>";
		};
		0F319446C9E34B9E6607EC7D /* Pods */ = {
			isa = PBXGroup;
			children = (
				8BC0E255A4038CC1974E72BD /* Pods-livre.debug.xcconfig */,
				8C0121A6DF1BE22A483CF06B /* Pods-livre.release.xcconfig */,
			);
			path = Pods;
			sourceTree = "<group>";
		};
		EE17260C25FE31CA00B79E80 /* Presenter */ = {
			isa = PBXGroup;
			children = (
				EEBCE32225F85FB700BA6749 /* Model */,
				EEBCE2CB25F85DE300BA6749 /* Base */,
				EEBCE2DC25F85EBB00BA6749 /* View */,
				EEBCE2D025F85E0600BA6749 /* Main */,
				EEBCE30225F85F1800BA6749 /* Search */,
				EEBCE30325F85F2100BA6749 /* BlogList */,
				EEBCE30425F85F2E00BA6749 /* NewsList */,
				EEBCE31A25F85F9600BA6749 /* Detail */,
			);
			path = Presenter;
			sourceTree = "<group>";
		};
		EEBCE2A225F85C5400BA6749 = {
			isa = PBXGroup;
			children = (
				EEBCE2AD25F85C5400BA6749 /* livre */,
				EEBCE2AC25F85C5400BA6749 /* Products */,
				0F319446C9E34B9E6607EC7D /* Pods */,
				082E80DE874F055E14E85995 /* Frameworks */,
			);
			sourceTree = "<group>";
		};
		EEBCE2AC25F85C5400BA6749 /* Products */ = {
			isa = PBXGroup;
			children = (
				EEBCE2AB25F85C5400BA6749 /* livre.app */,
			);
			name = Products;
			sourceTree = "<group>";
		};
		EEBCE2AD25F85C5400BA6749 /* livre */ = {
			isa = PBXGroup;
			children = (
				EEBCE35425F8605500BA6749 /* Font */,
				EEBCE35325F8604D00BA6749 /* LottieJson */,
				EEBCE33025F85FE100BA6749 /* Data */,
				EE17260C25FE31CA00B79E80 /* Presenter */,
				EEBCE2AE25F85C5400BA6749 /* AppDelegate.swift */,
				EEBCE2B025F85C5400BA6749 /* SceneDelegate.swift */,
				EEBCE2B725F85C5700BA6749 /* Assets.xcassets */,
				EEBCE2B925F85C5700BA6749 /* LaunchScreen.storyboard */,
				EEBCE2BC25F85C5700BA6749 /* Info.plist */,
			);
			path = livre;
			sourceTree = "<group>";
		};
		EEBCE2CB25F85DE300BA6749 /* Base */ = {
			isa = PBXGroup;
			children = (
				EEBCE2CC25F85DEF00BA6749 /* BaseViewController.swift */,
			);
			path = Base;
			sourceTree = "<group>";
		};
		EEBCE2D025F85E0600BA6749 /* Main */ = {
			isa = PBXGroup;
			children = (
				EEBCE2D225F85E2C00BA6749 /* MainViewController.swift */,
				EEBCE2D125F85E2C00BA6749 /* MainViewController+UI.swift */,
				EEBCE2D325F85E2C00BA6749 /* MainViewModel.swift */,
			);
			path = Main;
			sourceTree = "<group>";
		};
		EEBCE2DC25F85EBB00BA6749 /* View */ = {
			isa = PBXGroup;
			children = (
				EEBCE2F425F85EE100BA6749 /* Cell */,
				EEBCE2DD25F85ED900BA6749 /* BlogField.swift */,
				EEBCE2E725F85ED900BA6749 /* BookCard.swift */,
				EEBCE2E125F85ED900BA6749 /* BookCollectionField.swift */,
				EEBCE2DE25F85ED900BA6749 /* HomeIcon.swift */,
				EEBCE2DF25F85ED900BA6749 /* MoreInformationButtonView.swift */,
				EEBCE2E025F85ED900BA6749 /* NewsField.swift */,
				EEBCE2E625F85ED900BA6749 /* RewardView.swift */,
				EEBCE2E325F85ED900BA6749 /* SearchField.swift */,
				EEBCE2E525F85ED900BA6749 /* TagStack.swift */,
				EE0464E426103140001AB04D /* SearchBackgroundView.swift */,
				EEBCE2E225F85ED900BA6749 /* UIView+.swift */,
				EE0464F526104987001AB04D /* UILabel+.swift */,
				EEBCE2E425F85ED900BA6749 /* String+.swift */,
			);
			path = View;
			sourceTree = "<group>";
		};
		EEBCE2F425F85EE100BA6749 /* Cell */ = {
			isa = PBXGroup;
			children = (
				EEBCE2FA25F85EFD00BA6749 /* BlogTableCell.swift */,
				EEBCE2F725F85EFD00BA6749 /* BookCollectionCell.swift */,
				EEBCE2F825F85EFD00BA6749 /* MoreButtonTableCell.swift */,
				EEBCE2F925F85EFD00BA6749 /* NewsTableCell.swift */,
				EEBCE2F525F85EFD00BA6749 /* RecentSearchTableCell.swift */,
				EEBCE2F625F85EFD00BA6749 /* ShoppingCollectionCell.swift */,
			);
			path = Cell;
			sourceTree = "<group>";
		};
		EEBCE30225F85F1800BA6749 /* Search */ = {
			isa = PBXGroup;
			children = (
				EEBCE30525F85F7600BA6749 /* SearchViewController.swift */,
				EEBCE30625F85F7600BA6749 /* SearchViewController+UI.swift */,
				EEBCE30725F85F7600BA6749 /* SearchViewModel.swift */,
			);
			path = Search;
			sourceTree = "<group>";
		};
		EEBCE30325F85F2100BA6749 /* BlogList */ = {
			isa = PBXGroup;
			children = (
				EEBCE30C25F85F7D00BA6749 /* BlogListViewController.swift */,
				EEBCE30D25F85F7D00BA6749 /* BlogListViewController+UI.swift */,
				EEBCE30E25F85F7D00BA6749 /* BlogListViewModel.swift */,
			);
			path = BlogList;
			sourceTree = "<group>";
		};
		EEBCE30425F85F2E00BA6749 /* NewsList */ = {
			isa = PBXGroup;
			children = (
				EEBCE31425F85F8A00BA6749 /* NewsListViewController.swift */,
				EEBCE31325F85F8A00BA6749 /* NewsListViewController+UI.swift */,
				EEBCE31525F85F8A00BA6749 /* NewsListViewModel.swift */,
			);
			path = NewsList;
			sourceTree = "<group>";
		};
		EEBCE31A25F85F9600BA6749 /* Detail */ = {
			isa = PBXGroup;
			children = (
				EEBCE31C25F85FAE00BA6749 /* DetailViewController.swift */,
				EEBCE31B25F85FAE00BA6749 /* DetailVeiwController+UI.swift */,
				EEBCE31D25F85FAE00BA6749 /* DetailViewModel.swift */,
			);
			path = Detail;
			sourceTree = "<group>";
		};
		EEBCE32225F85FB700BA6749 /* Model */ = {
			isa = PBXGroup;
			children = (
				EEBCE32325F85FCF00BA6749 /* BlogItem.swift */,
				EEBCE32425F85FCF00BA6749 /* Book.swift */,
				EEBCE32825F85FCF00BA6749 /* NewsItem.swift */,
				EEBCE32625F85FCF00BA6749 /* Reward.swift */,
				EEBCE32525F85FCF00BA6749 /* Shopping.swift */,
				EEBCE32725F85FCF00BA6749 /* SimpleBookItem.swift */,
			);
			path = Model;
			sourceTree = "<group>";
		};
		EEBCE33025F85FE100BA6749 /* Data */ = {
			isa = PBXGroup;
			children = (
				EEBCE33225F85FF700BA6749 /* APIModel */,
				EEBCE33125F85FEC00BA6749 /* Requests */,
				EEBCE34B25F8603800BA6749 /* RewardConfig.swift */,
				EEBCE34C25F8603800BA6749 /* SecretKeySet.swift */,
				EEBCE34D25F8603800BA6749 /* URLConfig.swift */,
			);
			path = Data;
			sourceTree = "<group>";
		};
		EEBCE33125F85FEC00BA6749 /* Requests */ = {
			isa = PBXGroup;
			children = (
				EEBCE34125F8603200BA6749 /* RequestBlogs.swift */,
				EEBCE34025F8603200BA6749 /* RequestBookSearch.swift */,
				EEBCE34425F8603200BA6749 /* RequestKeywords.swift */,
				EEBCE34225F8603200BA6749 /* RequestNews.swift */,
				EEBCE34325F8603200BA6749 /* RequestShoppings.swift */,
			);
			path = Requests;
			sourceTree = "<group>";
		};
		EEBCE33225F85FF700BA6749 /* APIModel */ = {
			isa = PBXGroup;
			children = (
				EEBCE33725F8602700BA6749 /* BlogSearchResponse.swift */,
				EEBCE33825F8602700BA6749 /* BookSearchResponse.swift */,
				EEBCE33425F8602700BA6749 /* KeywordRequestBody.swift */,
				EEBCE33525F8602700BA6749 /* KeywordResponse.swift */,
				EEBCE33325F8602700BA6749 /* NewsSearchResponse.swift */,
				EEBCE33625F8602700BA6749 /* ShoppingSearchResponse.swift */,
			);
			path = APIModel;
			sourceTree = "<group>";
		};
		EEBCE35325F8604D00BA6749 /* LottieJson */ = {
			isa = PBXGroup;
			children = (
				EEBCE36C25F860AF00BA6749 /* home-icon.json */,
				EEBCE36825F860AF00BA6749 /* home-icon2.json */,
				EEBCE36325F860AF00BA6749 /* home-icon3.json */,
				EEBCE36725F860AF00BA6749 /* main-book.json */,
				EEBCE36E25F860AF00BA6749 /* reward-0.json */,
				EEBCE36D25F860AF00BA6749 /* reward-1.json */,
				EEBCE36925F860AF00BA6749 /* reward-2.json */,
				EEBCE36625F860AF00BA6749 /* reward-3.json */,
				EEBCE36A25F860AF00BA6749 /* reward-4.json */,
				EEBCE36025F860AF00BA6749 /* reward-5.json */,
				EEBCE36B25F860AF00BA6749 /* reward-6.json */,
				EEBCE36225F860AF00BA6749 /* reward-7.json */,
				EEBCE36125F860AF00BA6749 /* reward-8.json */,
				EEBCE36525F860AF00BA6749 /* reward-9.json */,
				EEBCE36425F860AF00BA6749 /* splash-icon.json */,
			);
			path = LottieJson;
			sourceTree = "<group>";
		};
		EEBCE35425F8605500BA6749 /* Font */ = {
			isa = PBXGroup;
			children = (
				EEBCE35625F860A700BA6749 /* GmarketSansTTFLight.ttf */,
				EEBCE35925F860A700BA6749 /* GmarketSansTTFMedium.ttf */,
				EEBCE35825F860A700BA6749 /* Montserrat-Medium.ttf */,
				EEBCE35525F860A700BA6749 /* NotoSansKR-Medium.otf */,
				EEBCE35725F860A700BA6749 /* NotoSansKR-Regular.otf */,
			);
			path = Font;
			sourceTree = "<group>";
		};
/* End PBXGroup section */

/* Begin PBXNativeTarget section */
		EEBCE2AA25F85C5400BA6749 /* livre */ = {
			isa = PBXNativeTarget;
			buildConfigurationList = EEBCE2BF25F85C5700BA6749 /* Build configuration list for PBXNativeTarget "livre" */;
			buildPhases = (
				95E84F60BE6813CB38103C7E /* [CP] Check Pods Manifest.lock */,
				EEBCE2A725F85C5400BA6749 /* Sources */,
				EEBCE2A825F85C5400BA6749 /* Frameworks */,
				EEBCE2A925F85C5400BA6749 /* Resources */,
				50C01ED332B7994188ED07E5 /* [CP] Embed Pods Frameworks */,
			);
			buildRules = (
			);
			dependencies = (
			);
			name = livre;
			productName = livre;
			productReference = EEBCE2AB25F85C5400BA6749 /* livre.app */;
			productType = "com.apple.product-type.application";
		};
/* End PBXNativeTarget section */

/* Begin PBXProject section */
		EEBCE2A325F85C5400BA6749 /* Project object */ = {
			isa = PBXProject;
			attributes = {
				LastSwiftUpdateCheck = 1230;
				LastUpgradeCheck = 1230;
				TargetAttributes = {
					EEBCE2AA25F85C5400BA6749 = {
						CreatedOnToolsVersion = 12.3;
					};
				};
			};
			buildConfigurationList = EEBCE2A625F85C5400BA6749 /* Build configuration list for PBXProject "livre" */;
			compatibilityVersion = "Xcode 9.3";
			developmentRegion = en;
			hasScannedForEncodings = 0;
			knownRegions = (
				en,
				Base,
			);
			mainGroup = EEBCE2A225F85C5400BA6749;
			productRefGroup = EEBCE2AC25F85C5400BA6749 /* Products */;
			projectDirPath = "";
			projectRoot = "";
			targets = (
				EEBCE2AA25F85C5400BA6749 /* livre */,
			);
		};
/* End PBXProject section */

/* Begin PBXResourcesBuildPhase section */
		EEBCE2A925F85C5400BA6749 /* Resources */ = {
			isa = PBXResourcesBuildPhase;
			buildActionMask = 2147483647;
			files = (
				EEBCE37825F860AF00BA6749 /* reward-2.json in Resources */,
				EEBCE37B25F860AF00BA6749 /* home-icon.json in Resources */,
				EEBCE37225F860AF00BA6749 /* home-icon3.json in Resources */,
				EEBCE37625F860AF00BA6749 /* main-book.json in Resources */,
				EEBCE37925F860AF00BA6749 /* reward-4.json in Resources */,
				EEBCE35A25F860A700BA6749 /* NotoSansKR-Medium.otf in Resources */,
				EEBCE35B25F860A700BA6749 /* GmarketSansTTFLight.ttf in Resources */,
				EEBCE35E25F860A700BA6749 /* GmarketSansTTFMedium.ttf in Resources */,
				EEBCE37525F860AF00BA6749 /* reward-3.json in Resources */,
				EEBCE37D25F860AF00BA6749 /* reward-0.json in Resources */,
				EEBCE37A25F860AF00BA6749 /* reward-6.json in Resources */,
				EEBCE37025F860AF00BA6749 /* reward-8.json in Resources */,
				EEBCE37325F860AF00BA6749 /* splash-icon.json in Resources */,
				EEBCE37725F860AF00BA6749 /* home-icon2.json in Resources */,
				EEBCE37125F860AF00BA6749 /* reward-7.json in Resources */,
				EEBCE37425F860AF00BA6749 /* reward-9.json in Resources */,
				EEBCE37C25F860AF00BA6749 /* reward-1.json in Resources */,
				EEBCE2BB25F85C5700BA6749 /* LaunchScreen.storyboard in Resources */,
				EEBCE36F25F860AF00BA6749 /* reward-5.json in Resources */,
				EEBCE2B825F85C5700BA6749 /* Assets.xcassets in Resources */,
				EEBCE35D25F860A700BA6749 /* Montserrat-Medium.ttf in Resources */,
				EEBCE35C25F860A700BA6749 /* NotoSansKR-Regular.otf in Resources */,
			);
			runOnlyForDeploymentPostprocessing = 0;
		};
/* End PBXResourcesBuildPhase section */

/* Begin PBXShellScriptBuildPhase section */
		50C01ED332B7994188ED07E5 /* [CP] Embed Pods Frameworks */ = {
			isa = PBXShellScriptBuildPhase;
			buildActionMask = 2147483647;
			files = (
			);
			inputFileListPaths = (
				"${PODS_ROOT}/Target Support Files/Pods-livre/Pods-livre-frameworks-${CONFIGURATION}-input-files.xcfilelist",
			);
			name = "[CP] Embed Pods Frameworks";
			outputFileListPaths = (
				"${PODS_ROOT}/Target Support Files/Pods-livre/Pods-livre-frameworks-${CONFIGURATION}-output-files.xcfilelist",
			);
			runOnlyForDeploymentPostprocessing = 0;
			shellPath = /bin/sh;
			shellScript = "\"${PODS_ROOT}/Target Support Files/Pods-livre/Pods-livre-frameworks.sh\"\n";
			showEnvVarsInLog = 0;
		};
		95E84F60BE6813CB38103C7E /* [CP] Check Pods Manifest.lock */ = {
			isa = PBXShellScriptBuildPhase;
			buildActionMask = 2147483647;
			files = (
			);
			inputFileListPaths = (
			);
			inputPaths = (
				"${PODS_PODFILE_DIR_PATH}/Podfile.lock",
				"${PODS_ROOT}/Manifest.lock",
			);
			name = "[CP] Check Pods Manifest.lock";
			outputFileListPaths = (
			);
			outputPaths = (
				"$(DERIVED_FILE_DIR)/Pods-livre-checkManifestLockResult.txt",
			);
			runOnlyForDeploymentPostprocessing = 0;
			shellPath = /bin/sh;
			shellScript = "diff \"${PODS_PODFILE_DIR_PATH}/Podfile.lock\" \"${PODS_ROOT}/Manifest.lock\" > /dev/null\nif [ $? != 0 ] ; then\n    # print error to STDERR\n    echo \"error: The sandbox is not in sync with the Podfile.lock. Run 'pod install' or update your CocoaPods installation.\" >&2\n    exit 1\nfi\n# This output is used by Xcode 'outputs' to avoid re-running this script phase.\necho \"SUCCESS\" > \"${SCRIPT_OUTPUT_FILE_0}\"\n";
			showEnvVarsInLog = 0;
		};
/* End PBXShellScriptBuildPhase section */

/* Begin PBXSourcesBuildPhase section */
		EEBCE2A725F85C5400BA6749 /* Sources */ = {
			isa = PBXSourcesBuildPhase;
			buildActionMask = 2147483647;
			files = (
				EEBCE2EA25F85ED900BA6749 /* MoreInformationButtonView.swift in Sources */,
				EEBCE32E25F85FCF00BA6749 /* NewsItem.swift in Sources */,
				EEBCE31E25F85FAE00BA6749 /* DetailVeiwController+UI.swift in Sources */,
				EEBCE32D25F85FCF00BA6749 /* SimpleBookItem.swift in Sources */,
				EEBCE2FF25F85EFD00BA6749 /* NewsTableCell.swift in Sources */,
				EEBCE2D625F85E2C00BA6749 /* MainViewModel.swift in Sources */,
				EE0464E526103140001AB04D /* SearchBackgroundView.swift in Sources */,
				EEBCE32C25F85FCF00BA6749 /* Reward.swift in Sources */,
				EEBCE2E825F85ED900BA6749 /* BlogField.swift in Sources */,
				EEBCE33925F8602700BA6749 /* NewsSearchResponse.swift in Sources */,
				EEBCE2F125F85ED900BA6749 /* RewardView.swift in Sources */,
				EEBCE35025F8603800BA6749 /* URLConfig.swift in Sources */,
				EEBCE32B25F85FCF00BA6749 /* Shopping.swift in Sources */,
				EEBCE2EE25F85ED900BA6749 /* SearchField.swift in Sources */,
				EEBCE2F225F85ED900BA6749 /* BookCard.swift in Sources */,
				EEBCE2FB25F85EFD00BA6749 /* RecentSearchTableCell.swift in Sources */,
				EEBCE33A25F8602700BA6749 /* KeywordRequestBody.swift in Sources */,
				EEBCE34F25F8603800BA6749 /* SecretKeySet.swift in Sources */,
				EEBCE33D25F8602700BA6749 /* BlogSearchResponse.swift in Sources */,
				EEBCE2CD25F85DEF00BA6749 /* BaseViewController.swift in Sources */,
				EEBCE30025F85EFD00BA6749 /* BlogTableCell.swift in Sources */,
				EEBCE31825F85F8A00BA6749 /* NewsListViewModel.swift in Sources */,
				EEBCE2EB25F85ED900BA6749 /* NewsField.swift in Sources */,
				EEBCE34525F8603200BA6749 /* RequestBookSearch.swift in Sources */,
				EE0464F626104987001AB04D /* UILabel+.swift in Sources */,
				EEBCE33B25F8602700BA6749 /* KeywordResponse.swift in Sources */,
				EEBCE2EF25F85ED900BA6749 /* String+.swift in Sources */,
				EEBCE34E25F8603800BA6749 /* RewardConfig.swift in Sources */,
				EEBCE2FD25F85EFD00BA6749 /* BookCollectionCell.swift in Sources */,
				EEBCE31025F85F7D00BA6749 /* BlogListViewController+UI.swift in Sources */,
				EEBCE31725F85F8A00BA6749 /* NewsListViewController.swift in Sources */,
				EEBCE31625F85F8A00BA6749 /* NewsListViewController+UI.swift in Sources */,
				EEBCE2E925F85ED900BA6749 /* HomeIcon.swift in Sources */,
				EEBCE30825F85F7600BA6749 /* SearchViewController.swift in Sources */,
				EEBCE32925F85FCF00BA6749 /* BlogItem.swift in Sources */,
				EEBCE2FE25F85EFD00BA6749 /* MoreButtonTableCell.swift in Sources */,
				EEBCE2EC25F85ED900BA6749 /* BookCollectionField.swift in Sources */,
				EEBCE2AF25F85C5400BA6749 /* AppDelegate.swift in Sources */,
				EEBCE2F025F85ED900BA6749 /* TagStack.swift in Sources */,
				EEBCE34625F8603200BA6749 /* RequestBlogs.swift in Sources */,
				EEBCE30925F85F7600BA6749 /* SearchViewController+UI.swift in Sources */,
				EEBCE33E25F8602700BA6749 /* BookSearchResponse.swift in Sources */,
				EEBCE31125F85F7D00BA6749 /* BlogListViewModel.swift in Sources */,
				EEBCE31F25F85FAE00BA6749 /* DetailViewController.swift in Sources */,
				EEBCE2FC25F85EFD00BA6749 /* ShoppingCollectionCell.swift in Sources */,
				EEBCE34825F8603200BA6749 /* RequestShoppings.swift in Sources */,
				EEBCE32A25F85FCF00BA6749 /* Book.swift in Sources */,
				EEBCE30F25F85F7D00BA6749 /* BlogListViewController.swift in Sources */,
				EEBCE2D525F85E2C00BA6749 /* MainViewController.swift in Sources */,
				EEBCE32025F85FAE00BA6749 /* DetailViewModel.swift in Sources */,
				EEBCE34725F8603200BA6749 /* RequestNews.swift in Sources */,
				EEBCE2ED25F85ED900BA6749 /* UIView+.swift in Sources */,
				EEBCE33C25F8602700BA6749 /* ShoppingSearchResponse.swift in Sources */,
				EEBCE30A25F85F7600BA6749 /* SearchViewModel.swift in Sources */,
				EEBCE34925F8603200BA6749 /* RequestKeywords.swift in Sources */,
				EEBCE2B125F85C5400BA6749 /* SceneDelegate.swift in Sources */,
				EEBCE2D425F85E2C00BA6749 /* MainViewController+UI.swift in Sources */,
			);
			runOnlyForDeploymentPostprocessing = 0;
		};
/* End PBXSourcesBuildPhase section */

/* Begin PBXVariantGroup section */
		EEBCE2B925F85C5700BA6749 /* LaunchScreen.storyboard */ = {
			isa = PBXVariantGroup;
			children = (
				EEBCE2BA25F85C5700BA6749 /* Base */,
			);
			name = LaunchScreen.storyboard;
			sourceTree = "<group>";
		};
/* End PBXVariantGroup section */

/* Begin XCBuildConfiguration section */
		EEBCE2BD25F85C5700BA6749 /* Debug */ = {
			isa = XCBuildConfiguration;
			buildSettings = {
				ALWAYS_SEARCH_USER_PATHS = NO;
				CLANG_ANALYZER_NONNULL = YES;
				CLANG_ANALYZER_NUMBER_OBJECT_CONVERSION = YES_AGGRESSIVE;
				CLANG_CXX_LANGUAGE_STANDARD = "gnu++14";
				CLANG_CXX_LIBRARY = "libc++";
				CLANG_ENABLE_MODULES = YES;
				CLANG_ENABLE_OBJC_ARC = YES;
				CLANG_ENABLE_OBJC_WEAK = YES;
				CLANG_WARN_BLOCK_CAPTURE_AUTORELEASING = YES;
				CLANG_WARN_BOOL_CONVERSION = YES;
				CLANG_WARN_COMMA = YES;
				CLANG_WARN_CONSTANT_CONVERSION = YES;
				CLANG_WARN_DEPRECATED_OBJC_IMPLEMENTATIONS = YES;
				CLANG_WARN_DIRECT_OBJC_ISA_USAGE = YES_ERROR;
				CLANG_WARN_DOCUMENTATION_COMMENTS = YES;
				CLANG_WARN_EMPTY_BODY = YES;
				CLANG_WARN_ENUM_CONVERSION = YES;
				CLANG_WARN_INFINITE_RECURSION = YES;
				CLANG_WARN_INT_CONVERSION = YES;
				CLANG_WARN_NON_LITERAL_NULL_CONVERSION = YES;
				CLANG_WARN_OBJC_IMPLICIT_RETAIN_SELF = YES;
				CLANG_WARN_OBJC_LITERAL_CONVERSION = YES;
				CLANG_WARN_OBJC_ROOT_CLASS = YES_ERROR;
				CLANG_WARN_QUOTED_INCLUDE_IN_FRAMEWORK_HEADER = YES;
				CLANG_WARN_RANGE_LOOP_ANALYSIS = YES;
				CLANG_WARN_STRICT_PROTOTYPES = YES;
				CLANG_WARN_SUSPICIOUS_MOVE = YES;
				CLANG_WARN_UNGUARDED_AVAILABILITY = YES_AGGRESSIVE;
				CLANG_WARN_UNREACHABLE_CODE = YES;
				CLANG_WARN__DUPLICATE_METHOD_MATCH = YES;
				COPY_PHASE_STRIP = NO;
				DEBUG_INFORMATION_FORMAT = dwarf;
				ENABLE_STRICT_OBJC_MSGSEND = YES;
				ENABLE_TESTABILITY = YES;
				GCC_C_LANGUAGE_STANDARD = gnu11;
				GCC_DYNAMIC_NO_PIC = NO;
				GCC_NO_COMMON_BLOCKS = YES;
				GCC_OPTIMIZATION_LEVEL = 0;
				GCC_PREPROCESSOR_DEFINITIONS = (
					"DEBUG=1",
					"$(inherited)",
				);
				GCC_WARN_64_TO_32_BIT_CONVERSION = YES;
				GCC_WARN_ABOUT_RETURN_TYPE = YES_ERROR;
				GCC_WARN_UNDECLARED_SELECTOR = YES;
				GCC_WARN_UNINITIALIZED_AUTOS = YES_AGGRESSIVE;
				GCC_WARN_UNUSED_FUNCTION = YES;
				GCC_WARN_UNUSED_VARIABLE = YES;
				IPHONEOS_DEPLOYMENT_TARGET = 14.3;
				MTL_ENABLE_DEBUG_INFO = INCLUDE_SOURCE;
				MTL_FAST_MATH = YES;
				ONLY_ACTIVE_ARCH = YES;
				SDKROOT = iphoneos;
				SWIFT_ACTIVE_COMPILATION_CONDITIONS = DEBUG;
				SWIFT_OPTIMIZATION_LEVEL = "-Onone";
			};
			name = Debug;
		};
		EEBCE2BE25F85C5700BA6749 /* Release */ = {
			isa = XCBuildConfiguration;
			buildSettings = {
				ALWAYS_SEARCH_USER_PATHS = NO;
				CLANG_ANALYZER_NONNULL = YES;
				CLANG_ANALYZER_NUMBER_OBJECT_CONVERSION = YES_AGGRESSIVE;
				CLANG_CXX_LANGUAGE_STANDARD = "gnu++14";
				CLANG_CXX_LIBRARY = "libc++";
				CLANG_ENABLE_MODULES = YES;
				CLANG_ENABLE_OBJC_ARC = YES;
				CLANG_ENABLE_OBJC_WEAK = YES;
				CLANG_WARN_BLOCK_CAPTURE_AUTORELEASING = YES;
				CLANG_WARN_BOOL_CONVERSION = YES;
				CLANG_WARN_COMMA = YES;
				CLANG_WARN_CONSTANT_CONVERSION = YES;
				CLANG_WARN_DEPRECATED_OBJC_IMPLEMENTATIONS = YES;
				CLANG_WARN_DIRECT_OBJC_ISA_USAGE = YES_ERROR;
				CLANG_WARN_DOCUMENTATION_COMMENTS = YES;
				CLANG_WARN_EMPTY_BODY = YES;
				CLANG_WARN_ENUM_CONVERSION = YES;
				CLANG_WARN_INFINITE_RECURSION = YES;
				CLANG_WARN_INT_CONVERSION = YES;
				CLANG_WARN_NON_LITERAL_NULL_CONVERSION = YES;
				CLANG_WARN_OBJC_IMPLICIT_RETAIN_SELF = YES;
				CLANG_WARN_OBJC_LITERAL_CONVERSION = YES;
				CLANG_WARN_OBJC_ROOT_CLASS = YES_ERROR;
				CLANG_WARN_QUOTED_INCLUDE_IN_FRAMEWORK_HEADER = YES;
				CLANG_WARN_RANGE_LOOP_ANALYSIS = YES;
				CLANG_WARN_STRICT_PROTOTYPES = YES;
				CLANG_WARN_SUSPICIOUS_MOVE = YES;
				CLANG_WARN_UNGUARDED_AVAILABILITY = YES_AGGRESSIVE;
				CLANG_WARN_UNREACHABLE_CODE = YES;
				CLANG_WARN__DUPLICATE_METHOD_MATCH = YES;
				COPY_PHASE_STRIP = NO;
				DEBUG_INFORMATION_FORMAT = "dwarf-with-dsym";
				ENABLE_NS_ASSERTIONS = NO;
				ENABLE_STRICT_OBJC_MSGSEND = YES;
				GCC_C_LANGUAGE_STANDARD = gnu11;
				GCC_NO_COMMON_BLOCKS = YES;
				GCC_WARN_64_TO_32_BIT_CONVERSION = YES;
				GCC_WARN_ABOUT_RETURN_TYPE = YES_ERROR;
				GCC_WARN_UNDECLARED_SELECTOR = YES;
				GCC_WARN_UNINITIALIZED_AUTOS = YES_AGGRESSIVE;
				GCC_WARN_UNUSED_FUNCTION = YES;
				GCC_WARN_UNUSED_VARIABLE = YES;
				IPHONEOS_DEPLOYMENT_TARGET = 14.3;
				MTL_ENABLE_DEBUG_INFO = NO;
				MTL_FAST_MATH = YES;
				SDKROOT = iphoneos;
				SWIFT_COMPILATION_MODE = wholemodule;
				SWIFT_OPTIMIZATION_LEVEL = "-O";
				VALIDATE_PRODUCT = YES;
			};
			name = Release;
		};
		EEBCE2C025F85C5700BA6749 /* Debug */ = {
			isa = XCBuildConfiguration;
			baseConfigurationReference = 8BC0E255A4038CC1974E72BD /* Pods-livre.debug.xcconfig */;
			buildSettings = {
				ASSETCATALOG_COMPILER_APPICON_NAME = AppIcon;
				ASSETCATALOG_COMPILER_GLOBAL_ACCENT_COLOR_NAME = AccentColor;
				CODE_SIGN_STYLE = Automatic;
				DEVELOPMENT_TEAM = R7G2ZY32W4;
				INFOPLIST_FILE = livre/Info.plist;
				LD_RUNPATH_SEARCH_PATHS = (
					"$(inherited)",
					"@executable_path/Frameworks",
				);
				PRODUCT_BUNDLE_IDENTIFIER = com.khb.livre;
				PRODUCT_NAME = "$(TARGET_NAME)";
				SWIFT_VERSION = 5.0;
				TARGETED_DEVICE_FAMILY = "1,2";
			};
			name = Debug;
		};
		EEBCE2C125F85C5700BA6749 /* Release */ = {
			isa = XCBuildConfiguration;
			baseConfigurationReference = 8C0121A6DF1BE22A483CF06B /* Pods-livre.release.xcconfig */;
			buildSettings = {
				ASSETCATALOG_COMPILER_APPICON_NAME = AppIcon;
				ASSETCATALOG_COMPILER_GLOBAL_ACCENT_COLOR_NAME = AccentColor;
				CODE_SIGN_STYLE = Automatic;
				DEVELOPMENT_TEAM = R7G2ZY32W4;
				INFOPLIST_FILE = livre/Info.plist;
				LD_RUNPATH_SEARCH_PATHS = (
					"$(inherited)",
					"@executable_path/Frameworks",
				);
				PRODUCT_BUNDLE_IDENTIFIER = com.khb.livre;
				PRODUCT_NAME = "$(TARGET_NAME)";
				SWIFT_VERSION = 5.0;
				TARGETED_DEVICE_FAMILY = "1,2";
			};
			name = Release;
		};
/* End XCBuildConfiguration section */

/* Begin XCConfigurationList section */
		EEBCE2A625F85C5400BA6749 /* Build configuration list for PBXProject "livre" */ = {
			isa = XCConfigurationList;
			buildConfigurations = (
				EEBCE2BD25F85C5700BA6749 /* Debug */,
				EEBCE2BE25F85C5700BA6749 /* Release */,
			);
			defaultConfigurationIsVisible = 0;
			defaultConfigurationName = Release;
		};
		EEBCE2BF25F85C5700BA6749 /* Build configuration list for PBXNativeTarget "livre" */ = {
			isa = XCConfigurationList;
			buildConfigurations = (
				EEBCE2C025F85C5700BA6749 /* Debug */,
				EEBCE2C125F85C5700BA6749 /* Release */,
			);
			defaultConfigurationIsVisible = 0;
			defaultConfigurationName = Release;
		};
/* End XCConfigurationList section */
	};
	rootObject = EEBCE2A325F85C5400BA6749 /* Project object */;
}
