PODS:
  - Alamofire (5.4.1)
  - lottie-ios (3.2.1)
  - RxCocoa (6.0.0):
    - RxRelay (= 6.0.0)
    - RxSwift (= 6.0.0)
  - RxRelay (6.0.0):
    - RxSwift (= 6.0.0)
  - RxSwift (6.0.0)
  - Then (2.7.0)

DEPENDENCIES:
  - Alamofire (~> 5.2)
  - lottie-ios
  - RxCocoa (= 6.0.0)
  - RxSwift (= 6.0.0)
  - Then

SPEC REPOS:
  trunk:
    - Alamofire
    - lottie-ios
    - RxCocoa
    - RxRelay
    - RxSwift
    - Then

SPEC CHECKSUMS:
  Alamofire: 2291f7d21ca607c491dd17642e5d40fdcda0e65c
  lottie-ios: 106e92eaf11fbed0a76590b4cdb9b5ec26123ff7
  RxCocoa: 3f79328fafa3645b34600f37c31e64c73ae3a80e
  RxRelay: 8d593be109c06ea850df027351beba614b012ffb
  RxSwift: c14e798c59b9f6e9a2df8fd235602e85cc044295
  Then: acfe0be7e98221c6204e12f8161459606d5d822d

PODFILE CHECKSUM: ed2fd7353a528c9395b4c062cc5a3c141cdbdbcc

COCOAPODS: 1.10.0
